// !$*UTF8*$!
{
	archiveVersion = 1;
	classes = {
	};
	objectVersion = 46;
	objects = {

/* Begin PBXBuildFile section */
		FCEDBC9C1C69CD1900EC8E2C /* main.m in Sources */ = {isa = PBXBuildFile; fileRef = FCEDBC9B1C69CD1900EC8E2C /* main.m */; };
		FCEDBCA21C69CD5000EC8E2C /* Person.m in Sources */ = {isa = PBXBuildFile; fileRef = FCEDBCA11C69CD5000EC8E2C /* Person.m */; };
		FCEDBCA51C69D32000EC8E2C /* Student.m in Sources */ = {isa = PBXBuildFile; fileRef = FCEDBCA41C69D32000EC8E2C /* Student.m */; };
		FCEDBCAD1C69DF2A00EC8E2C /* main.m in Sources */ = {isa = PBXBuildFile; fileRef = FCEDBCAC1C69DF2A00EC8E2C /* main.m */; };
		FCEDBCB51C69DF6100EC8E2C /* Person.m in Sources */ = {isa = PBXBuildFile; fileRef = FCEDBCB31C69DF6100EC8E2C /* Person.m */; };
		FCEDBCB61C69DF6100EC8E2C /* Student.m in Sources */ = {isa = PBXBuildFile; fileRef = FCEDBCB41C69DF6100EC8E2C /* Student.m */; };
		FCEDBCBE1C69F14200EC8E2C /* main.m in Sources */ = {isa = PBXBuildFile; fileRef = FCEDBCBD1C69F14200EC8E2C /* main.m */; };
		FCEDBCC91C6A069E00EC8E2C /* main.m in Sources */ = {isa = PBXBuildFile; fileRef = FCEDBCC81C6A069E00EC8E2C /* main.m */; };
		FCEDBCD41C6B189C00EC8E2C /* main.m in Sources */ = {isa = PBXBuildFile; fileRef = FCEDBCD31C6B189C00EC8E2C /* main.m */; };
		FCEDBCDF1C6B652D00EC8E2C /* main.m in Sources */ = {isa = PBXBuildFile; fileRef = FCEDBCDE1C6B652D00EC8E2C /* main.m */; };
		FCEDBCEA1C6B70DF00EC8E2C /* main.m in Sources */ = {isa = PBXBuildFile; fileRef = FCEDBCE91C6B70DF00EC8E2C /* main.m */; };
		FCEDBCF51C6B769500EC8E2C /* main.m in Sources */ = {isa = PBXBuildFile; fileRef = FCEDBCF41C6B769500EC8E2C /* main.m */; };
		FCEDBD001C6B78FA00EC8E2C /* main.m in Sources */ = {isa = PBXBuildFile; fileRef = FCEDBCFF1C6B78FA00EC8E2C /* main.m */; };
		FCEDBD0B1C6B7EC100EC8E2C /* main.m in Sources */ = {isa = PBXBuildFile; fileRef = FCEDBD0A1C6B7EC100EC8E2C /* main.m */; };
		FCEDBD161C6B850400EC8E2C /* main.m in Sources */ = {isa = PBXBuildFile; fileRef = FCEDBD151C6B850400EC8E2C /* main.m */; };
		FCEDBD211C6B888600EC8E2C /* main.m in Sources */ = {isa = PBXBuildFile; fileRef = FCEDBD201C6B888600EC8E2C /* main.m */; };
		FCEDBD2C1C6B8BC000EC8E2C /* main.m in Sources */ = {isa = PBXBuildFile; fileRef = FCEDBD2B1C6B8BC000EC8E2C /* main.m */; };
		FCEDBD371C6B93AC00EC8E2C /* main.m in Sources */ = {isa = PBXBuildFile; fileRef = FCEDBD361C6B93AC00EC8E2C /* main.m */; };
/* End PBXBuildFile section */

/* Begin PBXCopyFilesBuildPhase section */
		FCEDBC961C69CD1900EC8E2C /* CopyFiles */ = {
			isa = PBXCopyFilesBuildPhase;
			buildActionMask = 2147483647;
			dstPath = /usr/share/man/man1/;
			dstSubfolderSpec = 0;
			files = (
			);
			runOnlyForDeploymentPostprocessing = 1;
		};
		FCEDBCA81C69DF2A00EC8E2C /* CopyFiles */ = {
			isa = PBXCopyFilesBuildPhase;
			buildActionMask = 2147483647;
			dstPath = /usr/share/man/man1/;
			dstSubfolderSpec = 0;
			files = (
			);
			runOnlyForDeploymentPostprocessing = 1;
		};
		FCEDBCB91C69F14200EC8E2C /* CopyFiles */ = {
			isa = PBXCopyFilesBuildPhase;
			buildActionMask = 2147483647;
			dstPath = /usr/share/man/man1/;
			dstSubfolderSpec = 0;
			files = (
			);
			runOnlyForDeploymentPostprocessing = 1;
		};
		FCEDBCC41C6A069E00EC8E2C /* CopyFiles */ = {
			isa = PBXCopyFilesBuildPhase;
			buildActionMask = 2147483647;
			dstPath = /usr/share/man/man1/;
			dstSubfolderSpec = 0;
			files = (
			);
			runOnlyForDeploymentPostprocessing = 1;
		};
		FCEDBCCF1C6B189C00EC8E2C /* CopyFiles */ = {
			isa = PBXCopyFilesBuildPhase;
			buildActionMask = 2147483647;
			dstPath = /usr/share/man/man1/;
			dstSubfolderSpec = 0;
			files = (
			);
			runOnlyForDeploymentPostprocessing = 1;
		};
		FCEDBCDA1C6B652D00EC8E2C /* CopyFiles */ = {
			isa = PBXCopyFilesBuildPhase;
			buildActionMask = 2147483647;
			dstPath = /usr/share/man/man1/;
			dstSubfolderSpec = 0;
			files = (
			);
			runOnlyForDeploymentPostprocessing = 1;
		};
		FCEDBCE51C6B70DF00EC8E2C /* CopyFiles */ = {
			isa = PBXCopyFilesBuildPhase;
			buildActionMask = 2147483647;
			dstPath = /usr/share/man/man1/;
			dstSubfolderSpec = 0;
			files = (
			);
			runOnlyForDeploymentPostprocessing = 1;
		};
		FCEDBCF01C6B769500EC8E2C /* CopyFiles */ = {
			isa = PBXCopyFilesBuildPhase;
			buildActionMask = 2147483647;
			dstPath = /usr/share/man/man1/;
			dstSubfolderSpec = 0;
			files = (
			);
			runOnlyForDeploymentPostprocessing = 1;
		};
		FCEDBCFB1C6B78FA00EC8E2C /* CopyFiles */ = {
			isa = PBXCopyFilesBuildPhase;
			buildActionMask = 2147483647;
			dstPath = /usr/share/man/man1/;
			dstSubfolderSpec = 0;
			files = (
			);
			runOnlyForDeploymentPostprocessing = 1;
		};
		FCEDBD061C6B7EC100EC8E2C /* CopyFiles */ = {
			isa = PBXCopyFilesBuildPhase;
			buildActionMask = 2147483647;
			dstPath = /usr/share/man/man1/;
			dstSubfolderSpec = 0;
			files = (
			);
			runOnlyForDeploymentPostprocessing = 1;
		};
		FCEDBD111C6B850400EC8E2C /* CopyFiles */ = {
			isa = PBXCopyFilesBuildPhase;
			buildActionMask = 2147483647;
			dstPath = /usr/share/man/man1/;
			dstSubfolderSpec = 0;
			files = (
			);
			runOnlyForDeploymentPostprocessing = 1;
		};
		FCEDBD1C1C6B888600EC8E2C /* CopyFiles */ = {
			isa = PBXCopyFilesBuildPhase;
			buildActionMask = 2147483647;
			dstPath = /usr/share/man/man1/;
			dstSubfolderSpec = 0;
			files = (
			);
			runOnlyForDeploymentPostprocessing = 1;
		};
		FCEDBD271C6B8BC000EC8E2C /* CopyFiles */ = {
			isa = PBXCopyFilesBuildPhase;
			buildActionMask = 2147483647;
			dstPath = /usr/share/man/man1/;
			dstSubfolderSpec = 0;
			files = (
			);
			runOnlyForDeploymentPostprocessing = 1;
		};
		FCEDBD321C6B93AC00EC8E2C /* CopyFiles */ = {
			isa = PBXCopyFilesBuildPhase;
			buildActionMask = 2147483647;
			dstPath = /usr/share/man/man1/;
			dstSubfolderSpec = 0;
			files = (
			);
			runOnlyForDeploymentPostprocessing = 1;
		};
/* End PBXCopyFilesBuildPhase section */

/* Begin PBXFileReference section */
		FCEDBC981C69CD1900EC8E2C /* 多态 */ = {isa = PBXFileReference; explicitFileType = "compiled.mach-o.executable"; includeInIndex = 0; path = "多态"; sourceTree = BUILT_PRODUCTS_DIR; };
		FCEDBC9B1C69CD1900EC8E2C /* main.m */ = {isa = PBXFileReference; lastKnownFileType = sourcecode.c.objc; path = main.m; sourceTree = "<group>"; };
		FCEDBCA01C69CD5000EC8E2C /* Person.h */ = {isa = PBXFileReference; fileEncoding = 4; lastKnownFileType = sourcecode.c.h; path = Person.h; sourceTree = "<group>"; };
		FCEDBCA11C69CD5000EC8E2C /* Person.m */ = {isa = PBXFileReference; fileEncoding = 4; lastKnownFileType = sourcecode.c.objc; path = Person.m; sourceTree = "<group>"; };
		FCEDBCA31C69D32000EC8E2C /* Student.h */ = {isa = PBXFileReference; fileEncoding = 4; lastKnownFileType = sourcecode.c.h; path = Student.h; sourceTree = "<group>"; };
		FCEDBCA41C69D32000EC8E2C /* Student.m */ = {isa = PBXFileReference; fileEncoding = 4; lastKnownFileType = sourcecode.c.objc; path = Student.m; sourceTree = "<group>"; };
		FCEDBCAA1C69DF2A00EC8E2C /* @property@synthesize */ = {isa = PBXFileReference; explicitFileType = "compiled.mach-o.executable"; includeInIndex = 0; path = "@property@synthesize"; sourceTree = BUILT_PRODUCTS_DIR; };
		FCEDBCAC1C69DF2A00EC8E2C /* main.m */ = {isa = PBXFileReference; lastKnownFileType = sourcecode.c.objc; path = main.m; sourceTree = "<group>"; };
		FCEDBCB11C69DF6100EC8E2C /* Person.h */ = {isa = PBXFileReference; fileEncoding = 4; lastKnownFileType = sourcecode.c.h; path = Person.h; sourceTree = "<group>"; };
		FCEDBCB21C69DF6100EC8E2C /* Student.h */ = {isa = PBXFileReference; fileEncoding = 4; lastKnownFileType = sourcecode.c.h; path = Student.h; sourceTree = "<group>"; };
		FCEDBCB31C69DF6100EC8E2C /* Person.m */ = {isa = PBXFileReference; fileEncoding = 4; lastKnownFileType = sourcecode.c.objc; path = Person.m; sourceTree = "<group>"; };
		FCEDBCB41C69DF6100EC8E2C /* Student.m */ = {isa = PBXFileReference; fileEncoding = 4; lastKnownFileType = sourcecode.c.objc; path = Student.m; sourceTree = "<group>"; };
		FCEDBCBB1C69F14200EC8E2C /* NSString */ = {isa = PBXFileReference; explicitFileType = "compiled.mach-o.executable"; includeInIndex = 0; path = NSString; sourceTree = BUILT_PRODUCTS_DIR; };
		FCEDBCBD1C69F14200EC8E2C /* main.m */ = {isa = PBXFileReference; lastKnownFileType = sourcecode.c.objc; path = main.m; sourceTree = "<group>"; };
		FCEDBCC61C6A069E00EC8E2C /* MSMutableString */ = {isa = PBXFileReference; explicitFileType = "compiled.mach-o.executable"; includeInIndex = 0; path = MSMutableString; sourceTree = BUILT_PRODUCTS_DIR; };
		FCEDBCC81C6A069E00EC8E2C /* main.m */ = {isa = PBXFileReference; lastKnownFileType = sourcecode.c.objc; path = main.m; sourceTree = "<group>"; };
		FCEDBCD11C6B189C00EC8E2C /* NSArray */ = {isa = PBXFileReference; explicitFileType = "compiled.mach-o.executable"; includeInIndex = 0; path = NSArray; sourceTree = BUILT_PRODUCTS_DIR; };
		FCEDBCD31C6B189C00EC8E2C /* main.m */ = {isa = PBXFileReference; lastKnownFileType = sourcecode.c.objc; path = main.m; sourceTree = "<group>"; };
		FCEDBCDC1C6B652D00EC8E2C /* NSMutableArray */ = {isa = PBXFileReference; explicitFileType = "compiled.mach-o.executable"; includeInIndex = 0; path = NSMutableArray; sourceTree = BUILT_PRODUCTS_DIR; };
		FCEDBCDE1C6B652D00EC8E2C /* main.m */ = {isa = PBXFileReference; lastKnownFileType = sourcecode.c.objc; path = main.m; sourceTree = "<group>"; };
		FCEDBCE71C6B70DF00EC8E2C /* NSDictionary */ = {isa = PBXFileReference; explicitFileType = "compiled.mach-o.executable"; includeInIndex = 0; path = NSDictionary; sourceTree = BUILT_PRODUCTS_DIR; };
		FCEDBCE91C6B70DF00EC8E2C /* main.m */ = {isa = PBXFileReference; lastKnownFileType = sourcecode.c.objc; path = main.m; sourceTree = "<group>"; };
		FCEDBCF21C6B769500EC8E2C /* NSMutableDictionary */ = {isa = PBXFileReference; explicitFileType = "compiled.mach-o.executable"; includeInIndex = 0; path = NSMutableDictionary; sourceTree = BUILT_PRODUCTS_DIR; };
		FCEDBCF41C6B769500EC8E2C /* main.m */ = {isa = PBXFileReference; lastKnownFileType = sourcecode.c.objc; path = main.m; sourceTree = "<group>"; };
		FCEDBCFD1C6B78FA00EC8E2C /* NSNumber */ = {isa = PBXFileReference; explicitFileType = "compiled.mach-o.executable"; includeInIndex = 0; path = NSNumber; sourceTree = BUILT_PRODUCTS_DIR; };
		FCEDBCFF1C6B78FA00EC8E2C /* main.m */ = {isa = PBXFileReference; lastKnownFileType = sourcecode.c.objc; path = main.m; sourceTree = "<group>"; };
		FCEDBD081C6B7EC100EC8E2C /* NSSet */ = {isa = PBXFileReference; explicitFileType = "compiled.mach-o.executable"; includeInIndex = 0; path = NSSet; sourceTree = BUILT_PRODUCTS_DIR; };
		FCEDBD0A1C6B7EC100EC8E2C /* main.m */ = {isa = PBXFileReference; lastKnownFileType = sourcecode.c.objc; path = main.m; sourceTree = "<group>"; };
		FCEDBD131C6B850400EC8E2C /* NSMutableSet */ = {isa = PBXFileReference; explicitFileType = "compiled.mach-o.executable"; includeInIndex = 0; path = NSMutableSet; sourceTree = BUILT_PRODUCTS_DIR; };
		FCEDBD151C6B850400EC8E2C /* main.m */ = {isa = PBXFileReference; lastKnownFileType = sourcecode.c.objc; path = main.m; sourceTree = "<group>"; };
		FCEDBD1E1C6B888600EC8E2C /* NSIndexSet */ = {isa = PBXFileReference; explicitFileType = "compiled.mach-o.executable"; includeInIndex = 0; path = NSIndexSet; sourceTree = BUILT_PRODUCTS_DIR; };
		FCEDBD201C6B888600EC8E2C /* main.m */ = {isa = PBXFileReference; lastKnownFileType = sourcecode.c.objc; path = main.m; sourceTree = "<group>"; };
		FCEDBD291C6B8BC000EC8E2C /* NSValue */ = {isa = PBXFileReference; explicitFileType = "compiled.mach-o.executable"; includeInIndex = 0; path = NSValue; sourceTree = BUILT_PRODUCTS_DIR; };
		FCEDBD2B1C6B8BC000EC8E2C /* main.m */ = {isa = PBXFileReference; lastKnownFileType = sourcecode.c.objc; path = main.m; sourceTree = "<group>"; };
		FCEDBD341C6B93AC00EC8E2C /* NSData */ = {isa = PBXFileReference; explicitFileType = "compiled.mach-o.executable"; includeInIndex = 0; path = NSData; sourceTree = BUILT_PRODUCTS_DIR; };
		FCEDBD361C6B93AC00EC8E2C /* main.m */ = {isa = PBXFileReference; lastKnownFileType = sourcecode.c.objc; path = main.m; sourceTree = "<group>"; };
/* End PBXFileReference section */

/* Begin PBXFrameworksBuildPhase section */
		FCEDBC951C69CD1900EC8E2C /* Frameworks */ = {
			isa = PBXFrameworksBuildPhase;
			buildActionMask = 2147483647;
			files = (
			);
			runOnlyForDeploymentPostprocessing = 0;
		};
		FCEDBCA71C69DF2A00EC8E2C /* Frameworks */ = {
			isa = PBXFrameworksBuildPhase;
			buildActionMask = 2147483647;
			files = (
			);
			runOnlyForDeploymentPostprocessing = 0;
		};
		FCEDBCB81C69F14200EC8E2C /* Frameworks */ = {
			isa = PBXFrameworksBuildPhase;
			buildActionMask = 2147483647;
			files = (
			);
			runOnlyForDeploymentPostprocessing = 0;
		};
		FCEDBCC31C6A069E00EC8E2C /* Frameworks */ = {
			isa = PBXFrameworksBuildPhase;
			buildActionMask = 2147483647;
			files = (
			);
			runOnlyForDeploymentPostprocessing = 0;
		};
		FCEDBCCE1C6B189C00EC8E2C /* Frameworks */ = {
			isa = PBXFrameworksBuildPhase;
			buildActionMask = 2147483647;
			files = (
			);
			runOnlyForDeploymentPostprocessing = 0;
		};
		FCEDBCD91C6B652D00EC8E2C /* Frameworks */ = {
			isa = PBXFrameworksBuildPhase;
			buildActionMask = 2147483647;
			files = (
			);
			runOnlyForDeploymentPostprocessing = 0;
		};
		FCEDBCE41C6B70DF00EC8E2C /* Frameworks */ = {
			isa = PBXFrameworksBuildPhase;
			buildActionMask = 2147483647;
			files = (
			);
			runOnlyForDeploymentPostprocessing = 0;
		};
		FCEDBCEF1C6B769500EC8E2C /* Frameworks */ = {
			isa = PBXFrameworksBuildPhase;
			buildActionMask = 2147483647;
			files = (
			);
			runOnlyForDeploymentPostprocessing = 0;
		};
		FCEDBCFA1C6B78FA00EC8E2C /* Frameworks */ = {
			isa = PBXFrameworksBuildPhase;
			buildActionMask = 2147483647;
			files = (
			);
			runOnlyForDeploymentPostprocessing = 0;
		};
		FCEDBD051C6B7EC100EC8E2C /* Frameworks */ = {
			isa = PBXFrameworksBuildPhase;
			buildActionMask = 2147483647;
			files = (
			);
			runOnlyForDeploymentPostprocessing = 0;
		};
		FCEDBD101C6B850400EC8E2C /* Frameworks */ = {
			isa = PBXFrameworksBuildPhase;
			buildActionMask = 2147483647;
			files = (
			);
			runOnlyForDeploymentPostprocessing = 0;
		};
		FCEDBD1B1C6B888600EC8E2C /* Frameworks */ = {
			isa = PBXFrameworksBuildPhase;
			buildActionMask = 2147483647;
			files = (
			);
			runOnlyForDeploymentPostprocessing = 0;
		};
		FCEDBD261C6B8BC000EC8E2C /* Frameworks */ = {
			isa = PBXFrameworksBuildPhase;
			buildActionMask = 2147483647;
			files = (
			);
			runOnlyForDeploymentPostprocessing = 0;
		};
		FCEDBD311C6B93AC00EC8E2C /* Frameworks */ = {
			isa = PBXFrameworksBuildPhase;
			buildActionMask = 2147483647;
			files = (
			);
			runOnlyForDeploymentPostprocessing = 0;
		};
/* End PBXFrameworksBuildPhase section */

/* Begin PBXGroup section */
		FCEDBC8D1C69CD0100EC8E2C = {
			isa = PBXGroup;
			children = (
				FCEDBC9A1C69CD1900EC8E2C /* 多态 */,
				FCEDBCAB1C69DF2A00EC8E2C /* @property@synthesize */,
				FCEDBCBC1C69F14200EC8E2C /* NSString */,
				FCEDBCC71C6A069E00EC8E2C /* MSMutableString */,
				FCEDBCD21C6B189C00EC8E2C /* NSArray */,
				FCEDBCDD1C6B652D00EC8E2C /* NSMutableArray */,
				FCEDBCE81C6B70DF00EC8E2C /* NSDictionary */,
				FCEDBCF31C6B769500EC8E2C /* NSMutableDictionary */,
				FCEDBCFE1C6B78FA00EC8E2C /* NSNumber */,
				FCEDBD091C6B7EC100EC8E2C /* NSSet */,
				FCEDBD141C6B850400EC8E2C /* NSMutableSet */,
				FCEDBD1F1C6B888600EC8E2C /* NSIndexSet */,
				FCEDBD2A1C6B8BC000EC8E2C /* NSValue */,
				FCEDBD351C6B93AC00EC8E2C /* NSData */,
				FCEDBC991C69CD1900EC8E2C /* Products */,
			);
			sourceTree = "<group>";
		};
		FCEDBC991C69CD1900EC8E2C /* Products */ = {
			isa = PBXGroup;
			children = (
				FCEDBC981C69CD1900EC8E2C /* 多态 */,
				FCEDBCAA1C69DF2A00EC8E2C /* @property@synthesize */,
				FCEDBCBB1C69F14200EC8E2C /* NSString */,
				FCEDBCC61C6A069E00EC8E2C /* MSMutableString */,
				FCEDBCD11C6B189C00EC8E2C /* NSArray */,
				FCEDBCDC1C6B652D00EC8E2C /* NSMutableArray */,
				FCEDBCE71C6B70DF00EC8E2C /* NSDictionary */,
				FCEDBCF21C6B769500EC8E2C /* NSMutableDictionary */,
				FCEDBCFD1C6B78FA00EC8E2C /* NSNumber */,
				FCEDBD081C6B7EC100EC8E2C /* NSSet */,
				FCEDBD131C6B850400EC8E2C /* NSMutableSet */,
				FCEDBD1E1C6B888600EC8E2C /* NSIndexSet */,
				FCEDBD291C6B8BC000EC8E2C /* NSValue */,
				FCEDBD341C6B93AC00EC8E2C /* NSData */,
			);
			name = Products;
			sourceTree = "<group>";
		};
		FCEDBC9A1C69CD1900EC8E2C /* 多态 */ = {
			isa = PBXGroup;
			children = (
				FCEDBC9B1C69CD1900EC8E2C /* main.m */,
				FCEDBCA01C69CD5000EC8E2C /* Person.h */,
				FCEDBCA11C69CD5000EC8E2C /* Person.m */,
				FCEDBCA31C69D32000EC8E2C /* Student.h */,
				FCEDBCA41C69D32000EC8E2C /* Student.m */,
			);
			path = "多态";
			sourceTree = "<group>";
		};
		FCEDBCAB1C69DF2A00EC8E2C /* @property@synthesize */ = {
			isa = PBXGroup;
			children = (
				FCEDBCAC1C69DF2A00EC8E2C /* main.m */,
				FCEDBCB11C69DF6100EC8E2C /* Person.h */,
				FCEDBCB21C69DF6100EC8E2C /* Student.h */,
				FCEDBCB31C69DF6100EC8E2C /* Person.m */,
				FCEDBCB41C69DF6100EC8E2C /* Student.m */,
			);
			path = "@property@synthesize";
			sourceTree = "<group>";
		};
		FCEDBCBC1C69F14200EC8E2C /* NSString */ = {
			isa = PBXGroup;
			children = (
				FCEDBCBD1C69F14200EC8E2C /* main.m */,
			);
			path = NSString;
			sourceTree = "<group>";
		};
		FCEDBCC71C6A069E00EC8E2C /* MSMutableString */ = {
			isa = PBXGroup;
			children = (
				FCEDBCC81C6A069E00EC8E2C /* main.m */,
			);
			path = MSMutableString;
			sourceTree = "<group>";
		};
		FCEDBCD21C6B189C00EC8E2C /* NSArray */ = {
			isa = PBXGroup;
			children = (
				FCEDBCD31C6B189C00EC8E2C /* main.m */,
			);
			path = NSArray;
			sourceTree = "<group>";
		};
		FCEDBCDD1C6B652D00EC8E2C /* NSMutableArray */ = {
			isa = PBXGroup;
			children = (
				FCEDBCDE1C6B652D00EC8E2C /* main.m */,
			);
			path = NSMutableArray;
			sourceTree = "<group>";
		};
		FCEDBCE81C6B70DF00EC8E2C /* NSDictionary */ = {
			isa = PBXGroup;
			children = (
				FCEDBCE91C6B70DF00EC8E2C /* main.m */,
			);
			path = NSDictionary;
			sourceTree = "<group>";
		};
		FCEDBCF31C6B769500EC8E2C /* NSMutableDictionary */ = {
			isa = PBXGroup;
			children = (
				FCEDBCF41C6B769500EC8E2C /* main.m */,
			);
			path = NSMutableDictionary;
			sourceTree = "<group>";
		};
		FCEDBCFE1C6B78FA00EC8E2C /* NSNumber */ = {
			isa = PBXGroup;
			children = (
				FCEDBCFF1C6B78FA00EC8E2C /* main.m */,
			);
			path = NSNumber;
			sourceTree = "<group>";
		};
		FCEDBD091C6B7EC100EC8E2C /* NSSet */ = {
			isa = PBXGroup;
			children = (
				FCEDBD0A1C6B7EC100EC8E2C /* main.m */,
			);
			path = NSSet;
			sourceTree = "<group>";
		};
		FCEDBD141C6B850400EC8E2C /* NSMutableSet */ = {
			isa = PBXGroup;
			children = (
				FCEDBD151C6B850400EC8E2C /* main.m */,
			);
			path = NSMutableSet;
			sourceTree = "<group>";
		};
		FCEDBD1F1C6B888600EC8E2C /* NSIndexSet */ = {
			isa = PBXGroup;
			children = (
				FCEDBD201C6B888600EC8E2C /* main.m */,
			);
			path = NSIndexSet;
			sourceTree = "<group>";
		};
		FCEDBD2A1C6B8BC000EC8E2C /* NSValue */ = {
			isa = PBXGroup;
			children = (
				FCEDBD2B1C6B8BC000EC8E2C /* main.m */,
			);
			path = NSValue;
			sourceTree = "<group>";
		};
		FCEDBD351C6B93AC00EC8E2C /* NSData */ = {
			isa = PBXGroup;
			children = (
				FCEDBD361C6B93AC00EC8E2C /* main.m */,
			);
			path = NSData;
			sourceTree = "<group>";
		};
/* End PBXGroup section */

/* Begin PBXNativeTarget section */
		FCEDBC971C69CD1900EC8E2C /* 多态 */ = {
			isa = PBXNativeTarget;
			buildConfigurationList = FCEDBC9D1C69CD1900EC8E2C /* Build configuration list for PBXNativeTarget "多态" */;
			buildPhases = (
				FCEDBC941C69CD1900EC8E2C /* Sources */,
				FCEDBC951C69CD1900EC8E2C /* Frameworks */,
				FCEDBC961C69CD1900EC8E2C /* CopyFiles */,
			);
			buildRules = (
			);
			dependencies = (
			);
			name = "多态";
			productName = "多态";
			productReference = FCEDBC981C69CD1900EC8E2C /* 多态 */;
			productType = "com.apple.product-type.tool";
		};
		FCEDBCA91C69DF2A00EC8E2C /* @property@synthesize */ = {
			isa = PBXNativeTarget;
			buildConfigurationList = FCEDBCAE1C69DF2A00EC8E2C /* Build configuration list for PBXNativeTarget "@property@synthesize" */;
			buildPhases = (
				FCEDBCA61C69DF2A00EC8E2C /* Sources */,
				FCEDBCA71C69DF2A00EC8E2C /* Frameworks */,
				FCEDBCA81C69DF2A00EC8E2C /* CopyFiles */,
			);
			buildRules = (
			);
			dependencies = (
			);
			name = "@property@synthesize";
			productName = "@property@synthesize";
			productReference = FCEDBCAA1C69DF2A00EC8E2C /* @property@synthesize */;
			productType = "com.apple.product-type.tool";
		};
		FCEDBCBA1C69F14200EC8E2C /* NSString */ = {
			isa = PBXNativeTarget;
			buildConfigurationList = FCEDBCBF1C69F14200EC8E2C /* Build configuration list for PBXNativeTarget "NSString" */;
			buildPhases = (
				FCEDBCB71C69F14200EC8E2C /* Sources */,
				FCEDBCB81C69F14200EC8E2C /* Frameworks */,
				FCEDBCB91C69F14200EC8E2C /* CopyFiles */,
			);
			buildRules = (
			);
			dependencies = (
			);
			name = NSString;
			productName = NSString;
			productReference = FCEDBCBB1C69F14200EC8E2C /* NSString */;
			productType = "com.apple.product-type.tool";
		};
		FCEDBCC51C6A069E00EC8E2C /* MSMutableString */ = {
			isa = PBXNativeTarget;
			buildConfigurationList = FCEDBCCA1C6A069E00EC8E2C /* Build configuration list for PBXNativeTarget "MSMutableString" */;
			buildPhases = (
				FCEDBCC21C6A069E00EC8E2C /* Sources */,
				FCEDBCC31C6A069E00EC8E2C /* Frameworks */,
				FCEDBCC41C6A069E00EC8E2C /* CopyFiles */,
			);
			buildRules = (
			);
			dependencies = (
			);
			name = MSMutableString;
			productName = MSMutableString;
			productReference = FCEDBCC61C6A069E00EC8E2C /* MSMutableString */;
			productType = "com.apple.product-type.tool";
		};
		FCEDBCD01C6B189C00EC8E2C /* NSArray */ = {
			isa = PBXNativeTarget;
			buildConfigurationList = FCEDBCD51C6B189C00EC8E2C /* Build configuration list for PBXNativeTarget "NSArray" */;
			buildPhases = (
				FCEDBCCD1C6B189C00EC8E2C /* Sources */,
				FCEDBCCE1C6B189C00EC8E2C /* Frameworks */,
				FCEDBCCF1C6B189C00EC8E2C /* CopyFiles */,
			);
			buildRules = (
			);
			dependencies = (
			);
			name = NSArray;
			productName = NSArray;
			productReference = FCEDBCD11C6B189C00EC8E2C /* NSArray */;
			productType = "com.apple.product-type.tool";
		};
		FCEDBCDB1C6B652D00EC8E2C /* NSMutableArray */ = {
			isa = PBXNativeTarget;
			buildConfigurationList = FCEDBCE01C6B652D00EC8E2C /* Build configuration list for PBXNativeTarget "NSMutableArray" */;
			buildPhases = (
				FCEDBCD81C6B652D00EC8E2C /* Sources */,
				FCEDBCD91C6B652D00EC8E2C /* Frameworks */,
				FCEDBCDA1C6B652D00EC8E2C /* CopyFiles */,
			);
			buildRules = (
			);
			dependencies = (
			);
			name = NSMutableArray;
			productName = NSMutableArray;
			productReference = FCEDBCDC1C6B652D00EC8E2C /* NSMutableArray */;
			productType = "com.apple.product-type.tool";
		};
		FCEDBCE61C6B70DF00EC8E2C /* NSDictionary */ = {
			isa = PBXNativeTarget;
			buildConfigurationList = FCEDBCEB1C6B70DF00EC8E2C /* Build configuration list for PBXNativeTarget "NSDictionary" */;
			buildPhases = (
				FCEDBCE31C6B70DF00EC8E2C /* Sources */,
				FCEDBCE41C6B70DF00EC8E2C /* Frameworks */,
				FCEDBCE51C6B70DF00EC8E2C /* CopyFiles */,
			);
			buildRules = (
			);
			dependencies = (
			);
			name = NSDictionary;
			productName = NSDictionary;
			productReference = FCEDBCE71C6B70DF00EC8E2C /* NSDictionary */;
			productType = "com.apple.product-type.tool";
		};
		FCEDBCF11C6B769500EC8E2C /* NSMutableDictionary */ = {
			isa = PBXNativeTarget;
			buildConfigurationList = FCEDBCF61C6B769500EC8E2C /* Build configuration list for PBXNativeTarget "NSMutableDictionary" */;
			buildPhases = (
				FCEDBCEE1C6B769500EC8E2C /* Sources */,
				FCEDBCEF1C6B769500EC8E2C /* Frameworks */,
				FCEDBCF01C6B769500EC8E2C /* CopyFiles */,
			);
			buildRules = (
			);
			dependencies = (
			);
			name = NSMutableDictionary;
			productName = NSMutableDictionary;
			productReference = FCEDBCF21C6B769500EC8E2C /* NSMutableDictionary */;
			productType = "com.apple.product-type.tool";
		};
		FCEDBCFC1C6B78FA00EC8E2C /* NSNumber */ = {
			isa = PBXNativeTarget;
			buildConfigurationList = FCEDBD011C6B78FA00EC8E2C /* Build configuration list for PBXNativeTarget "NSNumber" */;
			buildPhases = (
				FCEDBCF91C6B78FA00EC8E2C /* Sources */,
				FCEDBCFA1C6B78FA00EC8E2C /* Frameworks */,
				FCEDBCFB1C6B78FA00EC8E2C /* CopyFiles */,
			);
			buildRules = (
			);
			dependencies = (
			);
			name = NSNumber;
			productName = NSNumber;
			productReference = FCEDBCFD1C6B78FA00EC8E2C /* NSNumber */;
			productType = "com.apple.product-type.tool";
		};
		FCEDBD071C6B7EC100EC8E2C /* NSSet */ = {
			isa = PBXNativeTarget;
			buildConfigurationList = FCEDBD0C1C6B7EC100EC8E2C /* Build configuration list for PBXNativeTarget "NSSet" */;
			buildPhases = (
				FCEDBD041C6B7EC100EC8E2C /* Sources */,
				FCEDBD051C6B7EC100EC8E2C /* Frameworks */,
				FCEDBD061C6B7EC100EC8E2C /* CopyFiles */,
			);
			buildRules = (
			);
			dependencies = (
			);
			name = NSSet;
			productName = NSSet;
			productReference = FCEDBD081C6B7EC100EC8E2C /* NSSet */;
			productType = "com.apple.product-type.tool";
		};
		FCEDBD121C6B850400EC8E2C /* NSMutableSet */ = {
			isa = PBXNativeTarget;
			buildConfigurationList = FCEDBD171C6B850400EC8E2C /* Build configuration list for PBXNativeTarget "NSMutableSet" */;
			buildPhases = (
				FCEDBD0F1C6B850400EC8E2C /* Sources */,
				FCEDBD101C6B850400EC8E2C /* Frameworks */,
				FCEDBD111C6B850400EC8E2C /* CopyFiles */,
			);
			buildRules = (
			);
			dependencies = (
			);
			name = NSMutableSet;
			productName = NSMutableSet;
			productReference = FCEDBD131C6B850400EC8E2C /* NSMutableSet */;
			productType = "com.apple.product-type.tool";
		};
		FCEDBD1D1C6B888600EC8E2C /* NSIndexSet */ = {
			isa = PBXNativeTarget;
			buildConfigurationList = FCEDBD221C6B888600EC8E2C /* Build configuration list for PBXNativeTarget "NSIndexSet" */;
			buildPhases = (
				FCEDBD1A1C6B888600EC8E2C /* Sources */,
				FCEDBD1B1C6B888600EC8E2C /* Frameworks */,
				FCEDBD1C1C6B888600EC8E2C /* CopyFiles */,
			);
			buildRules = (
			);
			dependencies = (
			);
			name = NSIndexSet;
			productName = NSIndexSet;
			productReference = FCEDBD1E1C6B888600EC8E2C /* NSIndexSet */;
			productType = "com.apple.product-type.tool";
		};
		FCEDBD281C6B8BC000EC8E2C /* NSValue */ = {
			isa = PBXNativeTarget;
			buildConfigurationList = FCEDBD2D1C6B8BC000EC8E2C /* Build configuration list for PBXNativeTarget "NSValue" */;
			buildPhases = (
				FCEDBD251C6B8BC000EC8E2C /* Sources */,
				FCEDBD261C6B8BC000EC8E2C /* Frameworks */,
				FCEDBD271C6B8BC000EC8E2C /* CopyFiles */,
			);
			buildRules = (
			);
			dependencies = (
			);
			name = NSValue;
			productName = NSValue;
			productReference = FCEDBD291C6B8BC000EC8E2C /* NSValue */;
			productType = "com.apple.product-type.tool";
		};
		FCEDBD331C6B93AC00EC8E2C /* NSData */ = {
			isa = PBXNativeTarget;
			buildConfigurationList = FCEDBD381C6B93AC00EC8E2C /* Build configuration list for PBXNativeTarget "NSData" */;
			buildPhases = (
				FCEDBD301C6B93AC00EC8E2C /* Sources */,
				FCEDBD311C6B93AC00EC8E2C /* Frameworks */,
				FCEDBD321C6B93AC00EC8E2C /* CopyFiles */,
			);
			buildRules = (
			);
			dependencies = (
			);
			name = NSData;
			productName = NSData;
			productReference = FCEDBD341C6B93AC00EC8E2C /* NSData */;
			productType = "com.apple.product-type.tool";
		};
/* End PBXNativeTarget section */

/* Begin PBXProject section */
		FCEDBC8E1C69CD0100EC8E2C /* Project object */ = {
			isa = PBXProject;
			attributes = {
				LastUpgradeCheck = 0720;
				TargetAttributes = {
					FCEDBC971C69CD1900EC8E2C = {
						CreatedOnToolsVersion = 7.2;
					};
					FCEDBCA91C69DF2A00EC8E2C = {
						CreatedOnToolsVersion = 7.2;
					};
					FCEDBCBA1C69F14200EC8E2C = {
						CreatedOnToolsVersion = 7.2;
					};
					FCEDBCC51C6A069E00EC8E2C = {
						CreatedOnToolsVersion = 7.2;
					};
					FCEDBCD01C6B189C00EC8E2C = {
						CreatedOnToolsVersion = 7.2;
					};
					FCEDBCDB1C6B652D00EC8E2C = {
						CreatedOnToolsVersion = 7.2;
					};
					FCEDBCE61C6B70DF00EC8E2C = {
						CreatedOnToolsVersion = 7.2;
					};
					FCEDBCF11C6B769500EC8E2C = {
						CreatedOnToolsVersion = 7.2;
					};
					FCEDBCFC1C6B78FA00EC8E2C = {
						CreatedOnToolsVersion = 7.2;
					};
					FCEDBD071C6B7EC100EC8E2C = {
						CreatedOnToolsVersion = 7.2;
					};
					FCEDBD121C6B850400EC8E2C = {
						CreatedOnToolsVersion = 7.2;
					};
					FCEDBD1D1C6B888600EC8E2C = {
						CreatedOnToolsVersion = 7.2;
					};
					FCEDBD281C6B8BC000EC8E2C = {
						CreatedOnToolsVersion = 7.2;
					};
					FCEDBD331C6B93AC00EC8E2C = {
						CreatedOnToolsVersion = 7.2;
					};
				};
			};
			buildConfigurationList = FCEDBC911C69CD0100EC8E2C /* Build configuration list for PBXProject "OC_learning" */;
			compatibilityVersion = "Xcode 3.2";
			developmentRegion = English;
			hasScannedForEncodings = 0;
			knownRegions = (
				en,
			);
			mainGroup = FCEDBC8D1C69CD0100EC8E2C;
			productRefGroup = FCEDBC991C69CD1900EC8E2C /* Products */;
			projectDirPath = "";
			projectRoot = "";
			targets = (
				FCEDBC971C69CD1900EC8E2C /* 多态 */,
				FCEDBCA91C69DF2A00EC8E2C /* @property@synthesize */,
				FCEDBCBA1C69F14200EC8E2C /* NSString */,
				FCEDBCC51C6A069E00EC8E2C /* MSMutableString */,
				FCEDBCD01C6B189C00EC8E2C /* NSArray */,
				FCEDBCDB1C6B652D00EC8E2C /* NSMutableArray */,
				FCEDBCE61C6B70DF00EC8E2C /* NSDictionary */,
				FCEDBCF11C6B769500EC8E2C /* NSMutableDictionary */,
				FCEDBCFC1C6B78FA00EC8E2C /* NSNumber */,
				FCEDBD071C6B7EC100EC8E2C /* NSSet */,
				FCEDBD121C6B850400EC8E2C /* NSMutableSet */,
				FCEDBD1D1C6B888600EC8E2C /* NSIndexSet */,
				FCEDBD281C6B8BC000EC8E2C /* NSValue */,
				FCEDBD331C6B93AC00EC8E2C /* NSData */,
			);
		};
/* End PBXProject section */

/* Begin PBXSourcesBuildPhase section */
		FCEDBC941C69CD1900EC8E2C /* Sources */ = {
			isa = PBXSourcesBuildPhase;
			buildActionMask = 2147483647;
			files = (
				FCEDBCA21C69CD5000EC8E2C /* Person.m in Sources */,
				FCEDBC9C1C69CD1900EC8E2C /* main.m in Sources */,
				FCEDBCA51C69D32000EC8E2C /* Student.m in Sources */,
			);
			runOnlyForDeploymentPostprocessing = 0;
		};
		FCEDBCA61C69DF2A00EC8E2C /* Sources */ = {
			isa = PBXSourcesBuildPhase;
			buildActionMask = 2147483647;
			files = (
				FCEDBCB51C69DF6100EC8E2C /* Person.m in Sources */,
				FCEDBCAD1C69DF2A00EC8E2C /* main.m in Sources */,
				FCEDBCB61C69DF6100EC8E2C /* Student.m in Sources */,
			);
			runOnlyForDeploymentPostprocessing = 0;
		};
		FCEDBCB71C69F14200EC8E2C /* Sources */ = {
			isa = PBXSourcesBuildPhase;
			buildActionMask = 2147483647;
			files = (
				FCEDBCBE1C69F14200EC8E2C /* main.m in Sources */,
			);
			runOnlyForDeploymentPostprocessing = 0;
		};
		FCEDBCC21C6A069E00EC8E2C /* Sources */ = {
			isa = PBXSourcesBuildPhase;
			buildActionMask = 2147483647;
			files = (
				FCEDBCC91C6A069E00EC8E2C /* main.m in Sources */,
			);
			runOnlyForDeploymentPostprocessing = 0;
		};
		FCEDBCCD1C6B189C00EC8E2C /* Sources */ = {
			isa = PBXSourcesBuildPhase;
			buildActionMask = 2147483647;
			files = (
				FCEDBCD41C6B189C00EC8E2C /* main.m in Sources */,
			);
			runOnlyForDeploymentPostprocessing = 0;
		};
		FCEDBCD81C6B652D00EC8E2C /* Sources */ = {
			isa = PBXSourcesBuildPhase;
			buildActionMask = 2147483647;
			files = (
				FCEDBCDF1C6B652D00EC8E2C /* main.m in Sources */,
			);
			runOnlyForDeploymentPostprocessing = 0;
		};
		FCEDBCE31C6B70DF00EC8E2C /* Sources */ = {
			isa = PBXSourcesBuildPhase;
			buildActionMask = 2147483647;
			files = (
				FCEDBCEA1C6B70DF00EC8E2C /* main.m in Sources */,
			);
			runOnlyForDeploymentPostprocessing = 0;
		};
		FCEDBCEE1C6B769500EC8E2C /* Sources */ = {
			isa = PBXSourcesBuildPhase;
			buildActionMask = 2147483647;
			files = (
				FCEDBCF51C6B769500EC8E2C /* main.m in Sources */,
			);
			runOnlyForDeploymentPostprocessing = 0;
		};
		FCEDBCF91C6B78FA00EC8E2C /* Sources */ = {
			isa = PBXSourcesBuildPhase;
			buildActionMask = 2147483647;
			files = (
				FCEDBD001C6B78FA00EC8E2C /* main.m in Sources */,
			);
			runOnlyForDeploymentPostprocessing = 0;
		};
		FCEDBD041C6B7EC100EC8E2C /* Sources */ = {
			isa = PBXSourcesBuildPhase;
			buildActionMask = 2147483647;
			files = (
				FCEDBD0B1C6B7EC100EC8E2C /* main.m in Sources */,
			);
			runOnlyForDeploymentPostprocessing = 0;
		};
		FCEDBD0F1C6B850400EC8E2C /* Sources */ = {
			isa = PBXSourcesBuildPhase;
			buildActionMask = 2147483647;
			files = (
				FCEDBD161C6B850400EC8E2C /* main.m in Sources */,
			);
			runOnlyForDeploymentPostprocessing = 0;
		};
		FCEDBD1A1C6B888600EC8E2C /* Sources */ = {
			isa = PBXSourcesBuildPhase;
			buildActionMask = 2147483647;
			files = (
				FCEDBD211C6B888600EC8E2C /* main.m in Sources */,
			);
			runOnlyForDeploymentPostprocessing = 0;
		};
		FCEDBD251C6B8BC000EC8E2C /* Sources */ = {
			isa = PBXSourcesBuildPhase;
			buildActionMask = 2147483647;
			files = (
				FCEDBD2C1C6B8BC000EC8E2C /* main.m in Sources */,
			);
			runOnlyForDeploymentPostprocessing = 0;
		};
		FCEDBD301C6B93AC00EC8E2C /* Sources */ = {
			isa = PBXSourcesBuildPhase;
			buildActionMask = 2147483647;
			files = (
				FCEDBD371C6B93AC00EC8E2C /* main.m in Sources */,
			);
			runOnlyForDeploymentPostprocessing = 0;
		};
/* End PBXSourcesBuildPhase section */

/* Begin XCBuildConfiguration section */
		FCEDBC921C69CD0100EC8E2C /* Debug */ = {
			isa = XCBuildConfiguration;
			buildSettings = {
			};
			name = Debug;
		};
		FCEDBC931C69CD0100EC8E2C /* Release */ = {
			isa = XCBuildConfiguration;
			buildSettings = {
			};
			name = Release;
		};
		FCEDBC9E1C69CD1900EC8E2C /* Debug */ = {
			isa = XCBuildConfiguration;
			buildSettings = {
				ALWAYS_SEARCH_USER_PATHS = NO;
				CLANG_CXX_LANGUAGE_STANDARD = "gnu++0x";
				CLANG_CXX_LIBRARY = "libc++";
				CLANG_ENABLE_MODULES = YES;
				CLANG_ENABLE_OBJC_ARC = YES;
				CLANG_WARN_BOOL_CONVERSION = YES;
				CLANG_WARN_CONSTANT_CONVERSION = YES;
				CLANG_WARN_DIRECT_OBJC_ISA_USAGE = YES_ERROR;
				CLANG_WARN_EMPTY_BODY = YES;
				CLANG_WARN_ENUM_CONVERSION = YES;
				CLANG_WARN_INT_CONVERSION = YES;
				CLANG_WARN_OBJC_ROOT_CLASS = YES_ERROR;
				CLANG_WARN_UNREACHABLE_CODE = YES;
				CLANG_WARN__DUPLICATE_METHOD_MATCH = YES;
				CODE_SIGN_IDENTITY = "-";
				COPY_PHASE_STRIP = NO;
				DEBUG_INFORMATION_FORMAT = dwarf;
				ENABLE_STRICT_OBJC_MSGSEND = YES;
				ENABLE_TESTABILITY = YES;
				GCC_C_LANGUAGE_STANDARD = gnu99;
				GCC_DYNAMIC_NO_PIC = NO;
				GCC_NO_COMMON_BLOCKS = YES;
				GCC_OPTIMIZATION_LEVEL = 0;
				GCC_PREPROCESSOR_DEFINITIONS = (
					"DEBUG=1",
					"$(inherited)",
				);
				GCC_WARN_64_TO_32_BIT_CONVERSION = YES;
				GCC_WARN_ABOUT_RETURN_TYPE = YES_ERROR;
				GCC_WARN_UNDECLARED_SELECTOR = YES;
				GCC_WARN_UNINITIALIZED_AUTOS = YES_AGGRESSIVE;
				GCC_WARN_UNUSED_FUNCTION = YES;
				GCC_WARN_UNUSED_VARIABLE = YES;
				MACOSX_DEPLOYMENT_TARGET = 10.11;
				MTL_ENABLE_DEBUG_INFO = YES;
				ONLY_ACTIVE_ARCH = YES;
				PRODUCT_NAME = "$(TARGET_NAME)";
				SDKROOT = macosx;
			};
			name = Debug;
		};
		FCEDBC9F1C69CD1900EC8E2C /* Release */ = {
			isa = XCBuildConfiguration;
			buildSettings = {
				ALWAYS_SEARCH_USER_PATHS = NO;
				CLANG_CXX_LANGUAGE_STANDARD = "gnu++0x";
				CLANG_CXX_LIBRARY = "libc++";
				CLANG_ENABLE_MODULES = YES;
				CLANG_ENABLE_OBJC_ARC = YES;
				CLANG_WARN_BOOL_CONVERSION = YES;
				CLANG_WARN_CONSTANT_CONVERSION = YES;
				CLANG_WARN_DIRECT_OBJC_ISA_USAGE = YES_ERROR;
				CLANG_WARN_EMPTY_BODY = YES;
				CLANG_WARN_ENUM_CONVERSION = YES;
				CLANG_WARN_INT_CONVERSION = YES;
				CLANG_WARN_OBJC_ROOT_CLASS = YES_ERROR;
				CLANG_WARN_UNREACHABLE_CODE = YES;
				CLANG_WARN__DUPLICATE_METHOD_MATCH = YES;
				CODE_SIGN_IDENTITY = "-";
				COPY_PHASE_STRIP = NO;
				DEBUG_INFORMATION_FORMAT = "dwarf-with-dsym";
				ENABLE_NS_ASSERTIONS = NO;
				ENABLE_STRICT_OBJC_MSGSEND = YES;
				GCC_C_LANGUAGE_STANDARD = gnu99;
				GCC_NO_COMMON_BLOCKS = YES;
				GCC_WARN_64_TO_32_BIT_CONVERSION = YES;
				GCC_WARN_ABOUT_RETURN_TYPE = YES_ERROR;
				GCC_WARN_UNDECLARED_SELECTOR = YES;
				GCC_WARN_UNINITIALIZED_AUTOS = YES_AGGRESSIVE;
				GCC_WARN_UNUSED_FUNCTION = YES;
				GCC_WARN_UNUSED_VARIABLE = YES;
				MACOSX_DEPLOYMENT_TARGET = 10.11;
				MTL_ENABLE_DEBUG_INFO = NO;
				PRODUCT_NAME = "$(TARGET_NAME)";
				SDKROOT = macosx;
			};
			name = Release;
		};
		FCEDBCAF1C69DF2A00EC8E2C /* Debug */ = {
			isa = XCBuildConfiguration;
			buildSettings = {
				ALWAYS_SEARCH_USER_PATHS = NO;
				CLANG_CXX_LANGUAGE_STANDARD = "gnu++0x";
				CLANG_CXX_LIBRARY = "libc++";
				CLANG_ENABLE_MODULES = YES;
				CLANG_ENABLE_OBJC_ARC = YES;
				CLANG_WARN_BOOL_CONVERSION = YES;
				CLANG_WARN_CONSTANT_CONVERSION = YES;
				CLANG_WARN_DIRECT_OBJC_ISA_USAGE = YES_ERROR;
				CLANG_WARN_EMPTY_BODY = YES;
				CLANG_WARN_ENUM_CONVERSION = YES;
				CLANG_WARN_INT_CONVERSION = YES;
				CLANG_WARN_OBJC_ROOT_CLASS = YES_ERROR;
				CLANG_WARN_UNREACHABLE_CODE = YES;
				CLANG_WARN__DUPLICATE_METHOD_MATCH = YES;
				CODE_SIGN_IDENTITY = "-";
				COPY_PHASE_STRIP = NO;
				DEBUG_INFORMATION_FORMAT = dwarf;
				ENABLE_STRICT_OBJC_MSGSEND = YES;
				ENABLE_TESTABILITY = YES;
				GCC_C_LANGUAGE_STANDARD = gnu99;
				GCC_DYNAMIC_NO_PIC = NO;
				GCC_NO_COMMON_BLOCKS = YES;
				GCC_OPTIMIZATION_LEVEL = 0;
				GCC_PREPROCESSOR_DEFINITIONS = (
					"DEBUG=1",
					"$(inherited)",
				);
				GCC_WARN_64_TO_32_BIT_CONVERSION = YES;
				GCC_WARN_ABOUT_RETURN_TYPE = YES_ERROR;
				GCC_WARN_UNDECLARED_SELECTOR = YES;
				GCC_WARN_UNINITIALIZED_AUTOS = YES_AGGRESSIVE;
				GCC_WARN_UNUSED_FUNCTION = YES;
				GCC_WARN_UNUSED_VARIABLE = YES;
				MACOSX_DEPLOYMENT_TARGET = 10.11;
				MTL_ENABLE_DEBUG_INFO = YES;
				ONLY_ACTIVE_ARCH = YES;
				PRODUCT_NAME = "$(TARGET_NAME)";
				SDKROOT = macosx;
			};
			name = Debug;
		};
		FCEDBCB01C69DF2A00EC8E2C /* Release */ = {
			isa = XCBuildConfiguration;
			buildSettings = {
				ALWAYS_SEARCH_USER_PATHS = NO;
				CLANG_CXX_LANGUAGE_STANDARD = "gnu++0x";
				CLANG_CXX_LIBRARY = "libc++";
				CLANG_ENABLE_MODULES = YES;
				CLANG_ENABLE_OBJC_ARC = YES;
				CLANG_WARN_BOOL_CONVERSION = YES;
				CLANG_WARN_CONSTANT_CONVERSION = YES;
				CLANG_WARN_DIRECT_OBJC_ISA_USAGE = YES_ERROR;
				CLANG_WARN_EMPTY_BODY = YES;
				CLANG_WARN_ENUM_CONVERSION = YES;
				CLANG_WARN_INT_CONVERSION = YES;
				CLANG_WARN_OBJC_ROOT_CLASS = YES_ERROR;
				CLANG_WARN_UNREACHABLE_CODE = YES;
				CLANG_WARN__DUPLICATE_METHOD_MATCH = YES;
				CODE_SIGN_IDENTITY = "-";
				COPY_PHASE_STRIP = NO;
				DEBUG_INFORMATION_FORMAT = "dwarf-with-dsym";
				ENABLE_NS_ASSERTIONS = NO;
				ENABLE_STRICT_OBJC_MSGSEND = YES;
				GCC_C_LANGUAGE_STANDARD = gnu99;
				GCC_NO_COMMON_BLOCKS = YES;
				GCC_WARN_64_TO_32_BIT_CONVERSION = YES;
				GCC_WARN_ABOUT_RETURN_TYPE = YES_ERROR;
				GCC_WARN_UNDECLARED_SELECTOR = YES;
				GCC_WARN_UNINITIALIZED_AUTOS = YES_AGGRESSIVE;
				GCC_WARN_UNUSED_FUNCTION = YES;
				GCC_WARN_UNUSED_VARIABLE = YES;
				MACOSX_DEPLOYMENT_TARGET = 10.11;
				MTL_ENABLE_DEBUG_INFO = NO;
				PRODUCT_NAME = "$(TARGET_NAME)";
				SDKROOT = macosx;
			};
			name = Release;
		};
		FCEDBCC01C69F14200EC8E2C /* Debug */ = {
			isa = XCBuildConfiguration;
			buildSettings = {
				ALWAYS_SEARCH_USER_PATHS = NO;
				CLANG_CXX_LANGUAGE_STANDARD = "gnu++0x";
				CLANG_CXX_LIBRARY = "libc++";
				CLANG_ENABLE_MODULES = YES;
				CLANG_ENABLE_OBJC_ARC = YES;
				CLANG_WARN_BOOL_CONVERSION = YES;
				CLANG_WARN_CONSTANT_CONVERSION = YES;
				CLANG_WARN_DIRECT_OBJC_ISA_USAGE = YES_ERROR;
				CLANG_WARN_EMPTY_BODY = YES;
				CLANG_WARN_ENUM_CONVERSION = YES;
				CLANG_WARN_INT_CONVERSION = YES;
				CLANG_WARN_OBJC_ROOT_CLASS = YES_ERROR;
				CLANG_WARN_UNREACHABLE_CODE = YES;
				CLANG_WARN__DUPLICATE_METHOD_MATCH = YES;
				CODE_SIGN_IDENTITY = "-";
				COPY_PHASE_STRIP = NO;
				DEBUG_INFORMATION_FORMAT = dwarf;
				ENABLE_STRICT_OBJC_MSGSEND = YES;
				ENABLE_TESTABILITY = YES;
				GCC_C_LANGUAGE_STANDARD = gnu99;
				GCC_DYNAMIC_NO_PIC = NO;
				GCC_NO_COMMON_BLOCKS = YES;
				GCC_OPTIMIZATION_LEVEL = 0;
				GCC_PREPROCESSOR_DEFINITIONS = (
					"DEBUG=1",
					"$(inherited)",
				);
				GCC_WARN_64_TO_32_BIT_CONVERSION = YES;
				GCC_WARN_ABOUT_RETURN_TYPE = YES_ERROR;
				GCC_WARN_UNDECLARED_SELECTOR = YES;
				GCC_WARN_UNINITIALIZED_AUTOS = YES_AGGRESSIVE;
				GCC_WARN_UNUSED_FUNCTION = YES;
				GCC_WARN_UNUSED_VARIABLE = YES;
				MACOSX_DEPLOYMENT_TARGET = 10.11;
				MTL_ENABLE_DEBUG_INFO = YES;
				ONLY_ACTIVE_ARCH = YES;
				PRODUCT_NAME = "$(TARGET_NAME)";
				SDKROOT = macosx;
			};
			name = Debug;
		};
		FCEDBCC11C69F14200EC8E2C /* Release */ = {
			isa = XCBuildConfiguration;
			buildSettings = {
				ALWAYS_SEARCH_USER_PATHS = NO;
				CLANG_CXX_LANGUAGE_STANDARD = "gnu++0x";
				CLANG_CXX_LIBRARY = "libc++";
				CLANG_ENABLE_MODULES = YES;
				CLANG_ENABLE_OBJC_ARC = YES;
				CLANG_WARN_BOOL_CONVERSION = YES;
				CLANG_WARN_CONSTANT_CONVERSION = YES;
				CLANG_WARN_DIRECT_OBJC_ISA_USAGE = YES_ERROR;
				CLANG_WARN_EMPTY_BODY = YES;
				CLANG_WARN_ENUM_CONVERSION = YES;
				CLANG_WARN_INT_CONVERSION = YES;
				CLANG_WARN_OBJC_ROOT_CLASS = YES_ERROR;
				CLANG_WARN_UNREACHABLE_CODE = YES;
				CLANG_WARN__DUPLICATE_METHOD_MATCH = YES;
				CODE_SIGN_IDENTITY = "-";
				COPY_PHASE_STRIP = NO;
				DEBUG_INFORMATION_FORMAT = "dwarf-with-dsym";
				ENABLE_NS_ASSERTIONS = NO;
				ENABLE_STRICT_OBJC_MSGSEND = YES;
				GCC_C_LANGUAGE_STANDARD = gnu99;
				GCC_NO_COMMON_BLOCKS = YES;
				GCC_WARN_64_TO_32_BIT_CONVERSION = YES;
				GCC_WARN_ABOUT_RETURN_TYPE = YES_ERROR;
				GCC_WARN_UNDECLARED_SELECTOR = YES;
				GCC_WARN_UNINITIALIZED_AUTOS = YES_AGGRESSIVE;
				GCC_WARN_UNUSED_FUNCTION = YES;
				GCC_WARN_UNUSED_VARIABLE = YES;
				MACOSX_DEPLOYMENT_TARGET = 10.11;
				MTL_ENABLE_DEBUG_INFO = NO;
				PRODUCT_NAME = "$(TARGET_NAME)";
				SDKROOT = macosx;
			};
			name = Release;
		};
		FCEDBCCB1C6A069E00EC8E2C /* Debug */ = {
			isa = XCBuildConfiguration;
			buildSettings = {
				ALWAYS_SEARCH_USER_PATHS = NO;
				CLANG_CXX_LANGUAGE_STANDARD = "gnu++0x";
				CLANG_CXX_LIBRARY = "libc++";
				CLANG_ENABLE_MODULES = YES;
				CLANG_ENABLE_OBJC_ARC = YES;
				CLANG_WARN_BOOL_CONVERSION = YES;
				CLANG_WARN_CONSTANT_CONVERSION = YES;
				CLANG_WARN_DIRECT_OBJC_ISA_USAGE = YES_ERROR;
				CLANG_WARN_EMPTY_BODY = YES;
				CLANG_WARN_ENUM_CONVERSION = YES;
				CLANG_WARN_INT_CONVERSION = YES;
				CLANG_WARN_OBJC_ROOT_CLASS = YES_ERROR;
				CLANG_WARN_UNREACHABLE_CODE = YES;
				CLANG_WARN__DUPLICATE_METHOD_MATCH = YES;
				CODE_SIGN_IDENTITY = "-";
				COPY_PHASE_STRIP = NO;
				DEBUG_INFORMATION_FORMAT = dwarf;
				ENABLE_STRICT_OBJC_MSGSEND = YES;
				ENABLE_TESTABILITY = YES;
				GCC_C_LANGUAGE_STANDARD = gnu99;
				GCC_DYNAMIC_NO_PIC = NO;
				GCC_NO_COMMON_BLOCKS = YES;
				GCC_OPTIMIZATION_LEVEL = 0;
				GCC_PREPROCESSOR_DEFINITIONS = (
					"DEBUG=1",
					"$(inherited)",
				);
				GCC_WARN_64_TO_32_BIT_CONVERSION = YES;
				GCC_WARN_ABOUT_RETURN_TYPE = YES_ERROR;
				GCC_WARN_UNDECLARED_SELECTOR = YES;
				GCC_WARN_UNINITIALIZED_AUTOS = YES_AGGRESSIVE;
				GCC_WARN_UNUSED_FUNCTION = YES;
				GCC_WARN_UNUSED_VARIABLE = YES;
				MACOSX_DEPLOYMENT_TARGET = 10.11;
				MTL_ENABLE_DEBUG_INFO = YES;
				ONLY_ACTIVE_ARCH = YES;
				PRODUCT_NAME = "$(TARGET_NAME)";
				SDKROOT = macosx;
			};
			name = Debug;
		};
		FCEDBCCC1C6A069E00EC8E2C /* Release */ = {
			isa = XCBuildConfiguration;
			buildSettings = {
				ALWAYS_SEARCH_USER_PATHS = NO;
				CLANG_CXX_LANGUAGE_STANDARD = "gnu++0x";
				CLANG_CXX_LIBRARY = "libc++";
				CLANG_ENABLE_MODULES = YES;
				CLANG_ENABLE_OBJC_ARC = YES;
				CLANG_WARN_BOOL_CONVERSION = YES;
				CLANG_WARN_CONSTANT_CONVERSION = YES;
				CLANG_WARN_DIRECT_OBJC_ISA_USAGE = YES_ERROR;
				CLANG_WARN_EMPTY_BODY = YES;
				CLANG_WARN_ENUM_CONVERSION = YES;
				CLANG_WARN_INT_CONVERSION = YES;
				CLANG_WARN_OBJC_ROOT_CLASS = YES_ERROR;
				CLANG_WARN_UNREACHABLE_CODE = YES;
				CLANG_WARN__DUPLICATE_METHOD_MATCH = YES;
				CODE_SIGN_IDENTITY = "-";
				COPY_PHASE_STRIP = NO;
				DEBUG_INFORMATION_FORMAT = "dwarf-with-dsym";
				ENABLE_NS_ASSERTIONS = NO;
				ENABLE_STRICT_OBJC_MSGSEND = YES;
				GCC_C_LANGUAGE_STANDARD = gnu99;
				GCC_NO_COMMON_BLOCKS = YES;
				GCC_WARN_64_TO_32_BIT_CONVERSION = YES;
				GCC_WARN_ABOUT_RETURN_TYPE = YES_ERROR;
				GCC_WARN_UNDECLARED_SELECTOR = YES;
				GCC_WARN_UNINITIALIZED_AUTOS = YES_AGGRESSIVE;
				GCC_WARN_UNUSED_FUNCTION = YES;
				GCC_WARN_UNUSED_VARIABLE = YES;
				MACOSX_DEPLOYMENT_TARGET = 10.11;
				MTL_ENABLE_DEBUG_INFO = NO;
				PRODUCT_NAME = "$(TARGET_NAME)";
				SDKROOT = macosx;
			};
			name = Release;
		};
		FCEDBCD61C6B189C00EC8E2C /* Debug */ = {
			isa = XCBuildConfiguration;
			buildSettings = {
				ALWAYS_SEARCH_USER_PATHS = NO;
				CLANG_CXX_LANGUAGE_STANDARD = "gnu++0x";
				CLANG_CXX_LIBRARY = "libc++";
				CLANG_ENABLE_MODULES = YES;
				CLANG_ENABLE_OBJC_ARC = YES;
				CLANG_WARN_BOOL_CONVERSION = YES;
				CLANG_WARN_CONSTANT_CONVERSION = YES;
				CLANG_WARN_DIRECT_OBJC_ISA_USAGE = YES_ERROR;
				CLANG_WARN_EMPTY_BODY = YES;
				CLANG_WARN_ENUM_CONVERSION = YES;
				CLANG_WARN_INT_CONVERSION = YES;
				CLANG_WARN_OBJC_ROOT_CLASS = YES_ERROR;
				CLANG_WARN_UNREACHABLE_CODE = YES;
				CLANG_WARN__DUPLICATE_METHOD_MATCH = YES;
				CODE_SIGN_IDENTITY = "-";
				COPY_PHASE_STRIP = NO;
				DEBUG_INFORMATION_FORMAT = dwarf;
				ENABLE_STRICT_OBJC_MSGSEND = YES;
				ENABLE_TESTABILITY = YES;
				GCC_C_LANGUAGE_STANDARD = gnu99;
				GCC_DYNAMIC_NO_PIC = NO;
				GCC_NO_COMMON_BLOCKS = YES;
				GCC_OPTIMIZATION_LEVEL = 0;
				GCC_PREPROCESSOR_DEFINITIONS = (
					"DEBUG=1",
					"$(inherited)",
				);
				GCC_WARN_64_TO_32_BIT_CONVERSION = YES;
				GCC_WARN_ABOUT_RETURN_TYPE = YES_ERROR;
				GCC_WARN_UNDECLARED_SELECTOR = YES;
				GCC_WARN_UNINITIALIZED_AUTOS = YES_AGGRESSIVE;
				GCC_WARN_UNUSED_FUNCTION = YES;
				GCC_WARN_UNUSED_VARIABLE = YES;
				MACOSX_DEPLOYMENT_TARGET = 10.11;
				MTL_ENABLE_DEBUG_INFO = YES;
				ONLY_ACTIVE_ARCH = YES;
				PRODUCT_NAME = "$(TARGET_NAME)";
				SDKROOT = macosx;
			};
			name = Debug;
		};
		FCEDBCD71C6B189C00EC8E2C /* Release */ = {
			isa = XCBuildConfiguration;
			buildSettings = {
				ALWAYS_SEARCH_USER_PATHS = NO;
				CLANG_CXX_LANGUAGE_STANDARD = "gnu++0x";
				CLANG_CXX_LIBRARY = "libc++";
				CLANG_ENABLE_MODULES = YES;
				CLANG_ENABLE_OBJC_ARC = YES;
				CLANG_WARN_BOOL_CONVERSION = YES;
				CLANG_WARN_CONSTANT_CONVERSION = YES;
				CLANG_WARN_DIRECT_OBJC_ISA_USAGE = YES_ERROR;
				CLANG_WARN_EMPTY_BODY = YES;
				CLANG_WARN_ENUM_CONVERSION = YES;
				CLANG_WARN_INT_CONVERSION = YES;
				CLANG_WARN_OBJC_ROOT_CLASS = YES_ERROR;
				CLANG_WARN_UNREACHABLE_CODE = YES;
				CLANG_WARN__DUPLICATE_METHOD_MATCH = YES;
				CODE_SIGN_IDENTITY = "-";
				COPY_PHASE_STRIP = NO;
				DEBUG_INFORMATION_FORMAT = "dwarf-with-dsym";
				ENABLE_NS_ASSERTIONS = NO;
				ENABLE_STRICT_OBJC_MSGSEND = YES;
				GCC_C_LANGUAGE_STANDARD = gnu99;
				GCC_NO_COMMON_BLOCKS = YES;
				GCC_WARN_64_TO_32_BIT_CONVERSION = YES;
				GCC_WARN_ABOUT_RETURN_TYPE = YES_ERROR;
				GCC_WARN_UNDECLARED_SELECTOR = YES;
				GCC_WARN_UNINITIALIZED_AUTOS = YES_AGGRESSIVE;
				GCC_WARN_UNUSED_FUNCTION = YES;
				GCC_WARN_UNUSED_VARIABLE = YES;
				MACOSX_DEPLOYMENT_TARGET = 10.11;
				MTL_ENABLE_DEBUG_INFO = NO;
				PRODUCT_NAME = "$(TARGET_NAME)";
				SDKROOT = macosx;
			};
			name = Release;
		};
		FCEDBCE11C6B652D00EC8E2C /* Debug */ = {
			isa = XCBuildConfiguration;
			buildSettings = {
				ALWAYS_SEARCH_USER_PATHS = NO;
				CLANG_CXX_LANGUAGE_STANDARD = "gnu++0x";
				CLANG_CXX_LIBRARY = "libc++";
				CLANG_ENABLE_MODULES = YES;
				CLANG_ENABLE_OBJC_ARC = YES;
				CLANG_WARN_BOOL_CONVERSION = YES;
				CLANG_WARN_CONSTANT_CONVERSION = YES;
				CLANG_WARN_DIRECT_OBJC_ISA_USAGE = YES_ERROR;
				CLANG_WARN_EMPTY_BODY = YES;
				CLANG_WARN_ENUM_CONVERSION = YES;
				CLANG_WARN_INT_CONVERSION = YES;
				CLANG_WARN_OBJC_ROOT_CLASS = YES_ERROR;
				CLANG_WARN_UNREACHABLE_CODE = YES;
				CLANG_WARN__DUPLICATE_METHOD_MATCH = YES;
				CODE_SIGN_IDENTITY = "-";
				COPY_PHASE_STRIP = NO;
				DEBUG_INFORMATION_FORMAT = dwarf;
				ENABLE_STRICT_OBJC_MSGSEND = YES;
				ENABLE_TESTABILITY = YES;
				GCC_C_LANGUAGE_STANDARD = gnu99;
				GCC_DYNAMIC_NO_PIC = NO;
				GCC_NO_COMMON_BLOCKS = YES;
				GCC_OPTIMIZATION_LEVEL = 0;
				GCC_PREPROCESSOR_DEFINITIONS = (
					"DEBUG=1",
					"$(inherited)",
				);
				GCC_WARN_64_TO_32_BIT_CONVERSION = YES;
				GCC_WARN_ABOUT_RETURN_TYPE = YES_ERROR;
				GCC_WARN_UNDECLARED_SELECTOR = YES;
				GCC_WARN_UNINITIALIZED_AUTOS = YES_AGGRESSIVE;
				GCC_WARN_UNUSED_FUNCTION = YES;
				GCC_WARN_UNUSED_VARIABLE = YES;
				MACOSX_DEPLOYMENT_TARGET = 10.11;
				MTL_ENABLE_DEBUG_INFO = YES;
				ONLY_ACTIVE_ARCH = YES;
				PRODUCT_NAME = "$(TARGET_NAME)";
				SDKROOT = macosx;
			};
			name = Debug;
		};
		FCEDBCE21C6B652D00EC8E2C /* Release */ = {
			isa = XCBuildConfiguration;
			buildSettings = {
				ALWAYS_SEARCH_USER_PATHS = NO;
				CLANG_CXX_LANGUAGE_STANDARD = "gnu++0x";
				CLANG_CXX_LIBRARY = "libc++";
				CLANG_ENABLE_MODULES = YES;
				CLANG_ENABLE_OBJC_ARC = YES;
				CLANG_WARN_BOOL_CONVERSION = YES;
				CLANG_WARN_CONSTANT_CONVERSION = YES;
				CLANG_WARN_DIRECT_OBJC_ISA_USAGE = YES_ERROR;
				CLANG_WARN_EMPTY_BODY = YES;
				CLANG_WARN_ENUM_CONVERSION = YES;
				CLANG_WARN_INT_CONVERSION = YES;
				CLANG_WARN_OBJC_ROOT_CLASS = YES_ERROR;
				CLANG_WARN_UNREACHABLE_CODE = YES;
				CLANG_WARN__DUPLICATE_METHOD_MATCH = YES;
				CODE_SIGN_IDENTITY = "-";
				COPY_PHASE_STRIP = NO;
				DEBUG_INFORMATION_FORMAT = "dwarf-with-dsym";
				ENABLE_NS_ASSERTIONS = NO;
				ENABLE_STRICT_OBJC_MSGSEND = YES;
				GCC_C_LANGUAGE_STANDARD = gnu99;
				GCC_NO_COMMON_BLOCKS = YES;
				GCC_WARN_64_TO_32_BIT_CONVERSION = YES;
				GCC_WARN_ABOUT_RETURN_TYPE = YES_ERROR;
				GCC_WARN_UNDECLARED_SELECTOR = YES;
				GCC_WARN_UNINITIALIZED_AUTOS = YES_AGGRESSIVE;
				GCC_WARN_UNUSED_FUNCTION = YES;
				GCC_WARN_UNUSED_VARIABLE = YES;
				MACOSX_DEPLOYMENT_TARGET = 10.11;
				MTL_ENABLE_DEBUG_INFO = NO;
				PRODUCT_NAME = "$(TARGET_NAME)";
				SDKROOT = macosx;
			};
			name = Release;
		};
		FCEDBCEC1C6B70DF00EC8E2C /* Debug */ = {
			isa = XCBuildConfiguration;
			buildSettings = {
				ALWAYS_SEARCH_USER_PATHS = NO;
				CLANG_CXX_LANGUAGE_STANDARD = "gnu++0x";
				CLANG_CXX_LIBRARY = "libc++";
				CLANG_ENABLE_MODULES = YES;
				CLANG_ENABLE_OBJC_ARC = YES;
				CLANG_WARN_BOOL_CONVERSION = YES;
				CLANG_WARN_CONSTANT_CONVERSION = YES;
				CLANG_WARN_DIRECT_OBJC_ISA_USAGE = YES_ERROR;
				CLANG_WARN_EMPTY_BODY = YES;
				CLANG_WARN_ENUM_CONVERSION = YES;
				CLANG_WARN_INT_CONVERSION = YES;
				CLANG_WARN_OBJC_ROOT_CLASS = YES_ERROR;
				CLANG_WARN_UNREACHABLE_CODE = YES;
				CLANG_WARN__DUPLICATE_METHOD_MATCH = YES;
				CODE_SIGN_IDENTITY = "-";
				COPY_PHASE_STRIP = NO;
				DEBUG_INFORMATION_FORMAT = dwarf;
				ENABLE_STRICT_OBJC_MSGSEND = YES;
				ENABLE_TESTABILITY = YES;
				GCC_C_LANGUAGE_STANDARD = gnu99;
				GCC_DYNAMIC_NO_PIC = NO;
				GCC_NO_COMMON_BLOCKS = YES;
				GCC_OPTIMIZATION_LEVEL = 0;
				GCC_PREPROCESSOR_DEFINITIONS = (
					"DEBUG=1",
					"$(inherited)",
				);
				GCC_WARN_64_TO_32_BIT_CONVERSION = YES;
				GCC_WARN_ABOUT_RETURN_TYPE = YES_ERROR;
				GCC_WARN_UNDECLARED_SELECTOR = YES;
				GCC_WARN_UNINITIALIZED_AUTOS = YES_AGGRESSIVE;
				GCC_WARN_UNUSED_FUNCTION = YES;
				GCC_WARN_UNUSED_VARIABLE = YES;
				MACOSX_DEPLOYMENT_TARGET = 10.11;
				MTL_ENABLE_DEBUG_INFO = YES;
				ONLY_ACTIVE_ARCH = YES;
				PRODUCT_NAME = "$(TARGET_NAME)";
				SDKROOT = macosx;
			};
			name = Debug;
		};
		FCEDBCED1C6B70DF00EC8E2C /* Release */ = {
			isa = XCBuildConfiguration;
			buildSettings = {
				ALWAYS_SEARCH_USER_PATHS = NO;
				CLANG_CXX_LANGUAGE_STANDARD = "gnu++0x";
				CLANG_CXX_LIBRARY = "libc++";
				CLANG_ENABLE_MODULES = YES;
				CLANG_ENABLE_OBJC_ARC = YES;
				CLANG_WARN_BOOL_CONVERSION = YES;
				CLANG_WARN_CONSTANT_CONVERSION = YES;
				CLANG_WARN_DIRECT_OBJC_ISA_USAGE = YES_ERROR;
				CLANG_WARN_EMPTY_BODY = YES;
				CLANG_WARN_ENUM_CONVERSION = YES;
				CLANG_WARN_INT_CONVERSION = YES;
				CLANG_WARN_OBJC_ROOT_CLASS = YES_ERROR;
				CLANG_WARN_UNREACHABLE_CODE = YES;
				CLANG_WARN__DUPLICATE_METHOD_MATCH = YES;
				CODE_SIGN_IDENTITY = "-";
				COPY_PHASE_STRIP = NO;
				DEBUG_INFORMATION_FORMAT = "dwarf-with-dsym";
				ENABLE_NS_ASSERTIONS = NO;
				ENABLE_STRICT_OBJC_MSGSEND = YES;
				GCC_C_LANGUAGE_STANDARD = gnu99;
				GCC_NO_COMMON_BLOCKS = YES;
				GCC_WARN_64_TO_32_BIT_CONVERSION = YES;
				GCC_WARN_ABOUT_RETURN_TYPE = YES_ERROR;
				GCC_WARN_UNDECLARED_SELECTOR = YES;
				GCC_WARN_UNINITIALIZED_AUTOS = YES_AGGRESSIVE;
				GCC_WARN_UNUSED_FUNCTION = YES;
				GCC_WARN_UNUSED_VARIABLE = YES;
				MACOSX_DEPLOYMENT_TARGET = 10.11;
				MTL_ENABLE_DEBUG_INFO = NO;
				PRODUCT_NAME = "$(TARGET_NAME)";
				SDKROOT = macosx;
			};
			name = Release;
		};
		FCEDBCF71C6B769500EC8E2C /* Debug */ = {
			isa = XCBuildConfiguration;
			buildSettings = {
				ALWAYS_SEARCH_USER_PATHS = NO;
				CLANG_CXX_LANGUAGE_STANDARD = "gnu++0x";
				CLANG_CXX_LIBRARY = "libc++";
				CLANG_ENABLE_MODULES = YES;
				CLANG_ENABLE_OBJC_ARC = YES;
				CLANG_WARN_BOOL_CONVERSION = YES;
				CLANG_WARN_CONSTANT_CONVERSION = YES;
				CLANG_WARN_DIRECT_OBJC_ISA_USAGE = YES_ERROR;
				CLANG_WARN_EMPTY_BODY = YES;
				CLANG_WARN_ENUM_CONVERSION = YES;
				CLANG_WARN_INT_CONVERSION = YES;
				CLANG_WARN_OBJC_ROOT_CLASS = YES_ERROR;
				CLANG_WARN_UNREACHABLE_CODE = YES;
				CLANG_WARN__DUPLICATE_METHOD_MATCH = YES;
				CODE_SIGN_IDENTITY = "-";
				COPY_PHASE_STRIP = NO;
				DEBUG_INFORMATION_FORMAT = dwarf;
				ENABLE_STRICT_OBJC_MSGSEND = YES;
				ENABLE_TESTABILITY = YES;
				GCC_C_LANGUAGE_STANDARD = gnu99;
				GCC_DYNAMIC_NO_PIC = NO;
				GCC_NO_COMMON_BLOCKS = YES;
				GCC_OPTIMIZATION_LEVEL = 0;
				GCC_PREPROCESSOR_DEFINITIONS = (
					"DEBUG=1",
					"$(inherited)",
				);
				GCC_WARN_64_TO_32_BIT_CONVERSION = YES;
				GCC_WARN_ABOUT_RETURN_TYPE = YES_ERROR;
				GCC_WARN_UNDECLARED_SELECTOR = YES;
				GCC_WARN_UNINITIALIZED_AUTOS = YES_AGGRESSIVE;
				GCC_WARN_UNUSED_FUNCTION = YES;
				GCC_WARN_UNUSED_VARIABLE = YES;
				MACOSX_DEPLOYMENT_TARGET = 10.11;
				MTL_ENABLE_DEBUG_INFO = YES;
				ONLY_ACTIVE_ARCH = YES;
				PRODUCT_NAME = "$(TARGET_NAME)";
				SDKROOT = macosx;
			};
			name = Debug;
		};
		FCEDBCF81C6B769500EC8E2C /* Release */ = {
			isa = XCBuildConfiguration;
			buildSettings = {
				ALWAYS_SEARCH_USER_PATHS = NO;
				CLANG_CXX_LANGUAGE_STANDARD = "gnu++0x";
				CLANG_CXX_LIBRARY = "libc++";
				CLANG_ENABLE_MODULES = YES;
				CLANG_ENABLE_OBJC_ARC = YES;
				CLANG_WARN_BOOL_CONVERSION = YES;
				CLANG_WARN_CONSTANT_CONVERSION = YES;
				CLANG_WARN_DIRECT_OBJC_ISA_USAGE = YES_ERROR;
				CLANG_WARN_EMPTY_BODY = YES;
				CLANG_WARN_ENUM_CONVERSION = YES;
				CLANG_WARN_INT_CONVERSION = YES;
				CLANG_WARN_OBJC_ROOT_CLASS = YES_ERROR;
				CLANG_WARN_UNREACHABLE_CODE = YES;
				CLANG_WARN__DUPLICATE_METHOD_MATCH = YES;
				CODE_SIGN_IDENTITY = "-";
				COPY_PHASE_STRIP = NO;
				DEBUG_INFORMATION_FORMAT = "dwarf-with-dsym";
				ENABLE_NS_ASSERTIONS = NO;
				ENABLE_STRICT_OBJC_MSGSEND = YES;
				GCC_C_LANGUAGE_STANDARD = gnu99;
				GCC_NO_COMMON_BLOCKS = YES;
				GCC_WARN_64_TO_32_BIT_CONVERSION = YES;
				GCC_WARN_ABOUT_RETURN_TYPE = YES_ERROR;
				GCC_WARN_UNDECLARED_SELECTOR = YES;
				GCC_WARN_UNINITIALIZED_AUTOS = YES_AGGRESSIVE;
				GCC_WARN_UNUSED_FUNCTION = YES;
				GCC_WARN_UNUSED_VARIABLE = YES;
				MACOSX_DEPLOYMENT_TARGET = 10.11;
				MTL_ENABLE_DEBUG_INFO = NO;
				PRODUCT_NAME = "$(TARGET_NAME)";
				SDKROOT = macosx;
			};
			name = Release;
		};
		FCEDBD021C6B78FA00EC8E2C /* Debug */ = {
			isa = XCBuildConfiguration;
			buildSettings = {
				ALWAYS_SEARCH_USER_PATHS = NO;
				CLANG_CXX_LANGUAGE_STANDARD = "gnu++0x";
				CLANG_CXX_LIBRARY = "libc++";
				CLANG_ENABLE_MODULES = YES;
				CLANG_ENABLE_OBJC_ARC = YES;
				CLANG_WARN_BOOL_CONVERSION = YES;
				CLANG_WARN_CONSTANT_CONVERSION = YES;
				CLANG_WARN_DIRECT_OBJC_ISA_USAGE = YES_ERROR;
				CLANG_WARN_EMPTY_BODY = YES;
				CLANG_WARN_ENUM_CONVERSION = YES;
				CLANG_WARN_INT_CONVERSION = YES;
				CLANG_WARN_OBJC_ROOT_CLASS = YES_ERROR;
				CLANG_WARN_UNREACHABLE_CODE = YES;
				CLANG_WARN__DUPLICATE_METHOD_MATCH = YES;
				CODE_SIGN_IDENTITY = "-";
				COPY_PHASE_STRIP = NO;
				DEBUG_INFORMATION_FORMAT = dwarf;
				ENABLE_STRICT_OBJC_MSGSEND = YES;
				ENABLE_TESTABILITY = YES;
				GCC_C_LANGUAGE_STANDARD = gnu99;
				GCC_DYNAMIC_NO_PIC = NO;
				GCC_NO_COMMON_BLOCKS = YES;
				GCC_OPTIMIZATION_LEVEL = 0;
				GCC_PREPROCESSOR_DEFINITIONS = (
					"DEBUG=1",
					"$(inherited)",
				);
				GCC_WARN_64_TO_32_BIT_CONVERSION = YES;
				GCC_WARN_ABOUT_RETURN_TYPE = YES_ERROR;
				GCC_WARN_UNDECLARED_SELECTOR = YES;
				GCC_WARN_UNINITIALIZED_AUTOS = YES_AGGRESSIVE;
				GCC_WARN_UNUSED_FUNCTION = YES;
				GCC_WARN_UNUSED_VARIABLE = YES;
				MACOSX_DEPLOYMENT_TARGET = 10.11;
				MTL_ENABLE_DEBUG_INFO = YES;
				ONLY_ACTIVE_ARCH = YES;
				PRODUCT_NAME = "$(TARGET_NAME)";
				SDKROOT = macosx;
			};
			name = Debug;
		};
		FCEDBD031C6B78FA00EC8E2C /* Release */ = {
			isa = XCBuildConfiguration;
			buildSettings = {
				ALWAYS_SEARCH_USER_PATHS = NO;
				CLANG_CXX_LANGUAGE_STANDARD = "gnu++0x";
				CLANG_CXX_LIBRARY = "libc++";
				CLANG_ENABLE_MODULES = YES;
				CLANG_ENABLE_OBJC_ARC = YES;
				CLANG_WARN_BOOL_CONVERSION = YES;
				CLANG_WARN_CONSTANT_CONVERSION = YES;
				CLANG_WARN_DIRECT_OBJC_ISA_USAGE = YES_ERROR;
				CLANG_WARN_EMPTY_BODY = YES;
				CLANG_WARN_ENUM_CONVERSION = YES;
				CLANG_WARN_INT_CONVERSION = YES;
				CLANG_WARN_OBJC_ROOT_CLASS = YES_ERROR;
				CLANG_WARN_UNREACHABLE_CODE = YES;
				CLANG_WARN__DUPLICATE_METHOD_MATCH = YES;
				CODE_SIGN_IDENTITY = "-";
				COPY_PHASE_STRIP = NO;
				DEBUG_INFORMATION_FORMAT = "dwarf-with-dsym";
				ENABLE_NS_ASSERTIONS = NO;
				ENABLE_STRICT_OBJC_MSGSEND = YES;
				GCC_C_LANGUAGE_STANDARD = gnu99;
				GCC_NO_COMMON_BLOCKS = YES;
				GCC_WARN_64_TO_32_BIT_CONVERSION = YES;
				GCC_WARN_ABOUT_RETURN_TYPE = YES_ERROR;
				GCC_WARN_UNDECLARED_SELECTOR = YES;
				GCC_WARN_UNINITIALIZED_AUTOS = YES_AGGRESSIVE;
				GCC_WARN_UNUSED_FUNCTION = YES;
				GCC_WARN_UNUSED_VARIABLE = YES;
				MACOSX_DEPLOYMENT_TARGET = 10.11;
				MTL_ENABLE_DEBUG_INFO = NO;
				PRODUCT_NAME = "$(TARGET_NAME)";
				SDKROOT = macosx;
			};
			name = Release;
		};
		FCEDBD0D1C6B7EC100EC8E2C /* Debug */ = {
			isa = XCBuildConfiguration;
			buildSettings = {
				ALWAYS_SEARCH_USER_PATHS = NO;
				CLANG_CXX_LANGUAGE_STANDARD = "gnu++0x";
				CLANG_CXX_LIBRARY = "libc++";
				CLANG_ENABLE_MODULES = YES;
				CLANG_ENABLE_OBJC_ARC = YES;
				CLANG_WARN_BOOL_CONVERSION = YES;
				CLANG_WARN_CONSTANT_CONVERSION = YES;
				CLANG_WARN_DIRECT_OBJC_ISA_USAGE = YES_ERROR;
				CLANG_WARN_EMPTY_BODY = YES;
				CLANG_WARN_ENUM_CONVERSION = YES;
				CLANG_WARN_INT_CONVERSION = YES;
				CLANG_WARN_OBJC_ROOT_CLASS = YES_ERROR;
				CLANG_WARN_UNREACHABLE_CODE = YES;
				CLANG_WARN__DUPLICATE_METHOD_MATCH = YES;
				CODE_SIGN_IDENTITY = "-";
				COPY_PHASE_STRIP = NO;
				DEBUG_INFORMATION_FORMAT = dwarf;
				ENABLE_STRICT_OBJC_MSGSEND = YES;
				ENABLE_TESTABILITY = YES;
				GCC_C_LANGUAGE_STANDARD = gnu99;
				GCC_DYNAMIC_NO_PIC = NO;
				GCC_NO_COMMON_BLOCKS = YES;
				GCC_OPTIMIZATION_LEVEL = 0;
				GCC_PREPROCESSOR_DEFINITIONS = (
					"DEBUG=1",
					"$(inherited)",
				);
				GCC_WARN_64_TO_32_BIT_CONVERSION = YES;
				GCC_WARN_ABOUT_RETURN_TYPE = YES_ERROR;
				GCC_WARN_UNDECLARED_SELECTOR = YES;
				GCC_WARN_UNINITIALIZED_AUTOS = YES_AGGRESSIVE;
				GCC_WARN_UNUSED_FUNCTION = YES;
				GCC_WARN_UNUSED_VARIABLE = YES;
				MACOSX_DEPLOYMENT_TARGET = 10.11;
				MTL_ENABLE_DEBUG_INFO = YES;
				ONLY_ACTIVE_ARCH = YES;
				PRODUCT_NAME = "$(TARGET_NAME)";
				SDKROOT = macosx;
			};
			name = Debug;
		};
		FCEDBD0E1C6B7EC100EC8E2C /* Release */ = {
			isa = XCBuildConfiguration;
			buildSettings = {
				ALWAYS_SEARCH_USER_PATHS = NO;
				CLANG_CXX_LANGUAGE_STANDARD = "gnu++0x";
				CLANG_CXX_LIBRARY = "libc++";
				CLANG_ENABLE_MODULES = YES;
				CLANG_ENABLE_OBJC_ARC = YES;
				CLANG_WARN_BOOL_CONVERSION = YES;
				CLANG_WARN_CONSTANT_CONVERSION = YES;
				CLANG_WARN_DIRECT_OBJC_ISA_USAGE = YES_ERROR;
				CLANG_WARN_EMPTY_BODY = YES;
				CLANG_WARN_ENUM_CONVERSION = YES;
				CLANG_WARN_INT_CONVERSION = YES;
				CLANG_WARN_OBJC_ROOT_CLASS = YES_ERROR;
				CLANG_WARN_UNREACHABLE_CODE = YES;
				CLANG_WARN__DUPLICATE_METHOD_MATCH = YES;
				CODE_SIGN_IDENTITY = "-";
				COPY_PHASE_STRIP = NO;
				DEBUG_INFORMATION_FORMAT = "dwarf-with-dsym";
				ENABLE_NS_ASSERTIONS = NO;
				ENABLE_STRICT_OBJC_MSGSEND = YES;
				GCC_C_LANGUAGE_STANDARD = gnu99;
				GCC_NO_COMMON_BLOCKS = YES;
				GCC_WARN_64_TO_32_BIT_CONVERSION = YES;
				GCC_WARN_ABOUT_RETURN_TYPE = YES_ERROR;
				GCC_WARN_UNDECLARED_SELECTOR = YES;
				GCC_WARN_UNINITIALIZED_AUTOS = YES_AGGRESSIVE;
				GCC_WARN_UNUSED_FUNCTION = YES;
				GCC_WARN_UNUSED_VARIABLE = YES;
				MACOSX_DEPLOYMENT_TARGET = 10.11;
				MTL_ENABLE_DEBUG_INFO = NO;
				PRODUCT_NAME = "$(TARGET_NAME)";
				SDKROOT = macosx;
			};
			name = Release;
		};
		FCEDBD181C6B850400EC8E2C /* Debug */ = {
			isa = XCBuildConfiguration;
			buildSettings = {
				ALWAYS_SEARCH_USER_PATHS = NO;
				CLANG_CXX_LANGUAGE_STANDARD = "gnu++0x";
				CLANG_CXX_LIBRARY = "libc++";
				CLANG_ENABLE_MODULES = YES;
				CLANG_ENABLE_OBJC_ARC = YES;
				CLANG_WARN_BOOL_CONVERSION = YES;
				CLANG_WARN_CONSTANT_CONVERSION = YES;
				CLANG_WARN_DIRECT_OBJC_ISA_USAGE = YES_ERROR;
				CLANG_WARN_EMPTY_BODY = YES;
				CLANG_WARN_ENUM_CONVERSION = YES;
				CLANG_WARN_INT_CONVERSION = YES;
				CLANG_WARN_OBJC_ROOT_CLASS = YES_ERROR;
				CLANG_WARN_UNREACHABLE_CODE = YES;
				CLANG_WARN__DUPLICATE_METHOD_MATCH = YES;
				CODE_SIGN_IDENTITY = "-";
				COPY_PHASE_STRIP = NO;
				DEBUG_INFORMATION_FORMAT = dwarf;
				ENABLE_STRICT_OBJC_MSGSEND = YES;
				ENABLE_TESTABILITY = YES;
				GCC_C_LANGUAGE_STANDARD = gnu99;
				GCC_DYNAMIC_NO_PIC = NO;
				GCC_NO_COMMON_BLOCKS = YES;
				GCC_OPTIMIZATION_LEVEL = 0;
				GCC_PREPROCESSOR_DEFINITIONS = (
					"DEBUG=1",
					"$(inherited)",
				);
				GCC_WARN_64_TO_32_BIT_CONVERSION = YES;
				GCC_WARN_ABOUT_RETURN_TYPE = YES_ERROR;
				GCC_WARN_UNDECLARED_SELECTOR = YES;
				GCC_WARN_UNINITIALIZED_AUTOS = YES_AGGRESSIVE;
				GCC_WARN_UNUSED_FUNCTION = YES;
				GCC_WARN_UNUSED_VARIABLE = YES;
				MACOSX_DEPLOYMENT_TARGET = 10.11;
				MTL_ENABLE_DEBUG_INFO = YES;
				ONLY_ACTIVE_ARCH = YES;
				PRODUCT_NAME = "$(TARGET_NAME)";
				SDKROOT = macosx;
			};
			name = Debug;
		};
		FCEDBD191C6B850400EC8E2C /* Release */ = {
			isa = XCBuildConfiguration;
			buildSettings = {
				ALWAYS_SEARCH_USER_PATHS = NO;
				CLANG_CXX_LANGUAGE_STANDARD = "gnu++0x";
				CLANG_CXX_LIBRARY = "libc++";
				CLANG_ENABLE_MODULES = YES;
				CLANG_ENABLE_OBJC_ARC = YES;
				CLANG_WARN_BOOL_CONVERSION = YES;
				CLANG_WARN_CONSTANT_CONVERSION = YES;
				CLANG_WARN_DIRECT_OBJC_ISA_USAGE = YES_ERROR;
				CLANG_WARN_EMPTY_BODY = YES;
				CLANG_WARN_ENUM_CONVERSION = YES;
				CLANG_WARN_INT_CONVERSION = YES;
				CLANG_WARN_OBJC_ROOT_CLASS = YES_ERROR;
				CLANG_WARN_UNREACHABLE_CODE = YES;
				CLANG_WARN__DUPLICATE_METHOD_MATCH = YES;
				CODE_SIGN_IDENTITY = "-";
				COPY_PHASE_STRIP = NO;
				DEBUG_INFORMATION_FORMAT = "dwarf-with-dsym";
				ENABLE_NS_ASSERTIONS = NO;
				ENABLE_STRICT_OBJC_MSGSEND = YES;
				GCC_C_LANGUAGE_STANDARD = gnu99;
				GCC_NO_COMMON_BLOCKS = YES;
				GCC_WARN_64_TO_32_BIT_CONVERSION = YES;
				GCC_WARN_ABOUT_RETURN_TYPE = YES_ERROR;
				GCC_WARN_UNDECLARED_SELECTOR = YES;
				GCC_WARN_UNINITIALIZED_AUTOS = YES_AGGRESSIVE;
				GCC_WARN_UNUSED_FUNCTION = YES;
				GCC_WARN_UNUSED_VARIABLE = YES;
				MACOSX_DEPLOYMENT_TARGET = 10.11;
				MTL_ENABLE_DEBUG_INFO = NO;
				PRODUCT_NAME = "$(TARGET_NAME)";
				SDKROOT = macosx;
			};
			name = Release;
		};
		FCEDBD231C6B888600EC8E2C /* Debug */ = {
			isa = XCBuildConfiguration;
			buildSettings = {
				ALWAYS_SEARCH_USER_PATHS = NO;
				CLANG_CXX_LANGUAGE_STANDARD = "gnu++0x";
				CLANG_CXX_LIBRARY = "libc++";
				CLANG_ENABLE_MODULES = YES;
				CLANG_ENABLE_OBJC_ARC = YES;
				CLANG_WARN_BOOL_CONVERSION = YES;
				CLANG_WARN_CONSTANT_CONVERSION = YES;
				CLANG_WARN_DIRECT_OBJC_ISA_USAGE = YES_ERROR;
				CLANG_WARN_EMPTY_BODY = YES;
				CLANG_WARN_ENUM_CONVERSION = YES;
				CLANG_WARN_INT_CONVERSION = YES;
				CLANG_WARN_OBJC_ROOT_CLASS = YES_ERROR;
				CLANG_WARN_UNREACHABLE_CODE = YES;
				CLANG_WARN__DUPLICATE_METHOD_MATCH = YES;
				CODE_SIGN_IDENTITY = "-";
				COPY_PHASE_STRIP = NO;
				DEBUG_INFORMATION_FORMAT = dwarf;
				ENABLE_STRICT_OBJC_MSGSEND = YES;
				ENABLE_TESTABILITY = YES;
				GCC_C_LANGUAGE_STANDARD = gnu99;
				GCC_DYNAMIC_NO_PIC = NO;
				GCC_NO_COMMON_BLOCKS = YES;
				GCC_OPTIMIZATION_LEVEL = 0;
				GCC_PREPROCESSOR_DEFINITIONS = (
					"DEBUG=1",
					"$(inherited)",
				);
				GCC_WARN_64_TO_32_BIT_CONVERSION = YES;
				GCC_WARN_ABOUT_RETURN_TYPE = YES_ERROR;
				GCC_WARN_UNDECLARED_SELECTOR = YES;
				GCC_WARN_UNINITIALIZED_AUTOS = YES_AGGRESSIVE;
				GCC_WARN_UNUSED_FUNCTION = YES;
				GCC_WARN_UNUSED_VARIABLE = YES;
				MACOSX_DEPLOYMENT_TARGET = 10.11;
				MTL_ENABLE_DEBUG_INFO = YES;
				ONLY_ACTIVE_ARCH = YES;
				PRODUCT_NAME = "$(TARGET_NAME)";
				SDKROOT = macosx;
			};
			name = Debug;
		};
		FCEDBD241C6B888600EC8E2C /* Release */ = {
			isa = XCBuildConfiguration;
			buildSettings = {
				ALWAYS_SEARCH_USER_PATHS = NO;
				CLANG_CXX_LANGUAGE_STANDARD = "gnu++0x";
				CLANG_CXX_LIBRARY = "libc++";
				CLANG_ENABLE_MODULES = YES;
				CLANG_ENABLE_OBJC_ARC = YES;
				CLANG_WARN_BOOL_CONVERSION = YES;
				CLANG_WARN_CONSTANT_CONVERSION = YES;
				CLANG_WARN_DIRECT_OBJC_ISA_USAGE = YES_ERROR;
				CLANG_WARN_EMPTY_BODY = YES;
				CLANG_WARN_ENUM_CONVERSION = YES;
				CLANG_WARN_INT_CONVERSION = YES;
				CLANG_WARN_OBJC_ROOT_CLASS = YES_ERROR;
				CLANG_WARN_UNREACHABLE_CODE = YES;
				CLANG_WARN__DUPLICATE_METHOD_MATCH = YES;
				CODE_SIGN_IDENTITY = "-";
				COPY_PHASE_STRIP = NO;
				DEBUG_INFORMATION_FORMAT = "dwarf-with-dsym";
				ENABLE_NS_ASSERTIONS = NO;
				ENABLE_STRICT_OBJC_MSGSEND = YES;
				GCC_C_LANGUAGE_STANDARD = gnu99;
				GCC_NO_COMMON_BLOCKS = YES;
				GCC_WARN_64_TO_32_BIT_CONVERSION = YES;
				GCC_WARN_ABOUT_RETURN_TYPE = YES_ERROR;
				GCC_WARN_UNDECLARED_SELECTOR = YES;
				GCC_WARN_UNINITIALIZED_AUTOS = YES_AGGRESSIVE;
				GCC_WARN_UNUSED_FUNCTION = YES;
				GCC_WARN_UNUSED_VARIABLE = YES;
				MACOSX_DEPLOYMENT_TARGET = 10.11;
				MTL_ENABLE_DEBUG_INFO = NO;
				PRODUCT_NAME = "$(TARGET_NAME)";
				SDKROOT = macosx;
			};
			name = Release;
		};
		FCEDBD2E1C6B8BC000EC8E2C /* Debug */ = {
			isa = XCBuildConfiguration;
			buildSettings = {
				ALWAYS_SEARCH_USER_PATHS = NO;
				CLANG_CXX_LANGUAGE_STANDARD = "gnu++0x";
				CLANG_CXX_LIBRARY = "libc++";
				CLANG_ENABLE_MODULES = YES;
				CLANG_ENABLE_OBJC_ARC = YES;
				CLANG_WARN_BOOL_CONVERSION = YES;
				CLANG_WARN_CONSTANT_CONVERSION = YES;
				CLANG_WARN_DIRECT_OBJC_ISA_USAGE = YES_ERROR;
				CLANG_WARN_EMPTY_BODY = YES;
				CLANG_WARN_ENUM_CONVERSION = YES;
				CLANG_WARN_INT_CONVERSION = YES;
				CLANG_WARN_OBJC_ROOT_CLASS = YES_ERROR;
				CLANG_WARN_UNREACHABLE_CODE = YES;
				CLANG_WARN__DUPLICATE_METHOD_MATCH = YES;
				CODE_SIGN_IDENTITY = "-";
				COPY_PHASE_STRIP = NO;
				DEBUG_INFORMATION_FORMAT = dwarf;
				ENABLE_STRICT_OBJC_MSGSEND = YES;
				ENABLE_TESTABILITY = YES;
				GCC_C_LANGUAGE_STANDARD = gnu99;
				GCC_DYNAMIC_NO_PIC = NO;
				GCC_NO_COMMON_BLOCKS = YES;
				GCC_OPTIMIZATION_LEVEL = 0;
				GCC_PREPROCESSOR_DEFINITIONS = (
					"DEBUG=1",
					"$(inherited)",
				);
				GCC_WARN_64_TO_32_BIT_CONVERSION = YES;
				GCC_WARN_ABOUT_RETURN_TYPE = YES_ERROR;
				GCC_WARN_UNDECLARED_SELECTOR = YES;
				GCC_WARN_UNINITIALIZED_AUTOS = YES_AGGRESSIVE;
				GCC_WARN_UNUSED_FUNCTION = YES;
				GCC_WARN_UNUSED_VARIABLE = YES;
				MACOSX_DEPLOYMENT_TARGET = 10.11;
				MTL_ENABLE_DEBUG_INFO = YES;
				ONLY_ACTIVE_ARCH = YES;
				PRODUCT_NAME = "$(TARGET_NAME)";
				SDKROOT = macosx;
			};
			name = Debug;
		};
		FCEDBD2F1C6B8BC000EC8E2C /* Release */ = {
			isa = XCBuildConfiguration;
			buildSettings = {
				ALWAYS_SEARCH_USER_PATHS = NO;
				CLANG_CXX_LANGUAGE_STANDARD = "gnu++0x";
				CLANG_CXX_LIBRARY = "libc++";
				CLANG_ENABLE_MODULES = YES;
				CLANG_ENABLE_OBJC_ARC = YES;
				CLANG_WARN_BOOL_CONVERSION = YES;
				CLANG_WARN_CONSTANT_CONVERSION = YES;
				CLANG_WARN_DIRECT_OBJC_ISA_USAGE = YES_ERROR;
				CLANG_WARN_EMPTY_BODY = YES;
				CLANG_WARN_ENUM_CONVERSION = YES;
				CLANG_WARN_INT_CONVERSION = YES;
				CLANG_WARN_OBJC_ROOT_CLASS = YES_ERROR;
				CLANG_WARN_UNREACHABLE_CODE = YES;
				CLANG_WARN__DUPLICATE_METHOD_MATCH = YES;
				CODE_SIGN_IDENTITY = "-";
				COPY_PHASE_STRIP = NO;
				DEBUG_INFORMATION_FORMAT = "dwarf-with-dsym";
				ENABLE_NS_ASSERTIONS = NO;
				ENABLE_STRICT_OBJC_MSGSEND = YES;
				GCC_C_LANGUAGE_STANDARD = gnu99;
				GCC_NO_COMMON_BLOCKS = YES;
				GCC_WARN_64_TO_32_BIT_CONVERSION = YES;
				GCC_WARN_ABOUT_RETURN_TYPE = YES_ERROR;
				GCC_WARN_UNDECLARED_SELECTOR = YES;
				GCC_WARN_UNINITIALIZED_AUTOS = YES_AGGRESSIVE;
				GCC_WARN_UNUSED_FUNCTION = YES;
				GCC_WARN_UNUSED_VARIABLE = YES;
				MACOSX_DEPLOYMENT_TARGET = 10.11;
				MTL_ENABLE_DEBUG_INFO = NO;
				PRODUCT_NAME = "$(TARGET_NAME)";
				SDKROOT = macosx;
			};
			name = Release;
		};
		FCEDBD391C6B93AC00EC8E2C /* Debug */ = {
			isa = XCBuildConfiguration;
			buildSettings = {
				ALWAYS_SEARCH_USER_PATHS = NO;
				CLANG_CXX_LANGUAGE_STANDARD = "gnu++0x";
				CLANG_CXX_LIBRARY = "libc++";
				CLANG_ENABLE_MODULES = YES;
				CLANG_ENABLE_OBJC_ARC = YES;
				CLANG_WARN_BOOL_CONVERSION = YES;
				CLANG_WARN_CONSTANT_CONVERSION = YES;
				CLANG_WARN_DIRECT_OBJC_ISA_USAGE = YES_ERROR;
				CLANG_WARN_EMPTY_BODY = YES;
				CLANG_WARN_ENUM_CONVERSION = YES;
				CLANG_WARN_INT_CONVERSION = YES;
				CLANG_WARN_OBJC_ROOT_CLASS = YES_ERROR;
				CLANG_WARN_UNREACHABLE_CODE = YES;
				CLANG_WARN__DUPLICATE_METHOD_MATCH = YES;
				CODE_SIGN_IDENTITY = "-";
				COPY_PHASE_STRIP = NO;
				DEBUG_INFORMATION_FORMAT = dwarf;
				ENABLE_STRICT_OBJC_MSGSEND = YES;
				ENABLE_TESTABILITY = YES;
				GCC_C_LANGUAGE_STANDARD = gnu99;
				GCC_DYNAMIC_NO_PIC = NO;
				GCC_NO_COMMON_BLOCKS = YES;
				GCC_OPTIMIZATION_LEVEL = 0;
				GCC_PREPROCESSOR_DEFINITIONS = (
					"DEBUG=1",
					"$(inherited)",
				);
				GCC_WARN_64_TO_32_BIT_CONVERSION = YES;
				GCC_WARN_ABOUT_RETURN_TYPE = YES_ERROR;
				GCC_WARN_UNDECLARED_SELECTOR = YES;
				GCC_WARN_UNINITIALIZED_AUTOS = YES_AGGRESSIVE;
				GCC_WARN_UNUSED_FUNCTION = YES;
				GCC_WARN_UNUSED_VARIABLE = YES;
				MACOSX_DEPLOYMENT_TARGET = 10.11;
				MTL_ENABLE_DEBUG_INFO = YES;
				ONLY_ACTIVE_ARCH = YES;
				PRODUCT_NAME = "$(TARGET_NAME)";
				SDKROOT = macosx;
			};
			name = Debug;
		};
		FCEDBD3A1C6B93AC00EC8E2C /* Release */ = {
			isa = XCBuildConfiguration;
			buildSettings = {
				ALWAYS_SEARCH_USER_PATHS = NO;
				CLANG_CXX_LANGUAGE_STANDARD = "gnu++0x";
				CLANG_CXX_LIBRARY = "libc++";
				CLANG_ENABLE_MODULES = YES;
				CLANG_ENABLE_OBJC_ARC = YES;
				CLANG_WARN_BOOL_CONVERSION = YES;
				CLANG_WARN_CONSTANT_CONVERSION = YES;
				CLANG_WARN_DIRECT_OBJC_ISA_USAGE = YES_ERROR;
				CLANG_WARN_EMPTY_BODY = YES;
				CLANG_WARN_ENUM_CONVERSION = YES;
				CLANG_WARN_INT_CONVERSION = YES;
				CLANG_WARN_OBJC_ROOT_CLASS = YES_ERROR;
				CLANG_WARN_UNREACHABLE_CODE = YES;
				CLANG_WARN__DUPLICATE_METHOD_MATCH = YES;
				CODE_SIGN_IDENTITY = "-";
				COPY_PHASE_STRIP = NO;
				DEBUG_INFORMATION_FORMAT = "dwarf-with-dsym";
				ENABLE_NS_ASSERTIONS = NO;
				ENABLE_STRICT_OBJC_MSGSEND = YES;
				GCC_C_LANGUAGE_STANDARD = gnu99;
				GCC_NO_COMMON_BLOCKS = YES;
				GCC_WARN_64_TO_32_BIT_CONVERSION = YES;
				GCC_WARN_ABOUT_RETURN_TYPE = YES_ERROR;
				GCC_WARN_UNDECLARED_SELECTOR = YES;
				GCC_WARN_UNINITIALIZED_AUTOS = YES_AGGRESSIVE;
				GCC_WARN_UNUSED_FUNCTION = YES;
				GCC_WARN_UNUSED_VARIABLE = YES;
				MACOSX_DEPLOYMENT_TARGET = 10.11;
				MTL_ENABLE_DEBUG_INFO = NO;
				PRODUCT_NAME = "$(TARGET_NAME)";
				SDKROOT = macosx;
			};
			name = Release;
		};
/* End XCBuildConfiguration section */

/* Begin XCConfigurationList section */
		FCEDBC911C69CD0100EC8E2C /* Build configuration list for PBXProject "OC_learning" */ = {
			isa = XCConfigurationList;
			buildConfigurations = (
				FCEDBC921C69CD0100EC8E2C /* Debug */,
				FCEDBC931C69CD0100EC8E2C /* Release */,
			);
			defaultConfigurationIsVisible = 0;
			defaultConfigurationName = Release;
		};
		FCEDBC9D1C69CD1900EC8E2C /* Build configuration list for PBXNativeTarget "多态" */ = {
			isa = XCConfigurationList;
			buildConfigurations = (
				FCEDBC9E1C69CD1900EC8E2C /* Debug */,
				FCEDBC9F1C69CD1900EC8E2C /* Release */,
			);
			defaultConfigurationIsVisible = 0;
		};
		FCEDBCAE1C69DF2A00EC8E2C /* Build configuration list for PBXNativeTarget "@property@synthesize" */ = {
			isa = XCConfigurationList;
			buildConfigurations = (
				FCEDBCAF1C69DF2A00EC8E2C /* Debug */,
				FCEDBCB01C69DF2A00EC8E2C /* Release */,
			);
			defaultConfigurationIsVisible = 0;
		};
		FCEDBCBF1C69F14200EC8E2C /* Build configuration list for PBXNativeTarget "NSString" */ = {
			isa = XCConfigurationList;
			buildConfigurations = (
				FCEDBCC01C69F14200EC8E2C /* Debug */,
				FCEDBCC11C69F14200EC8E2C /* Release */,
			);
			defaultConfigurationIsVisible = 0;
		};
		FCEDBCCA1C6A069E00EC8E2C /* Build configuration list for PBXNativeTarget "MSMutableString" */ = {
			isa = XCConfigurationList;
			buildConfigurations = (
				FCEDBCCB1C6A069E00EC8E2C /* Debug */,
				FCEDBCCC1C6A069E00EC8E2C /* Release */,
			);
			defaultConfigurationIsVisible = 0;
		};
		FCEDBCD51C6B189C00EC8E2C /* Build configuration list for PBXNativeTarget "NSArray" */ = {
			isa = XCConfigurationList;
			buildConfigurations = (
				FCEDBCD61C6B189C00EC8E2C /* Debug */,
				FCEDBCD71C6B189C00EC8E2C /* Release */,
			);
			defaultConfigurationIsVisible = 0;
		};
		FCEDBCE01C6B652D00EC8E2C /* Build configuration list for PBXNativeTarget "NSMutableArray" */ = {
			isa = XCConfigurationList;
			buildConfigurations = (
				FCEDBCE11C6B652D00EC8E2C /* Debug */,
				FCEDBCE21C6B652D00EC8E2C /* Release */,
			);
			defaultConfigurationIsVisible = 0;
		};
		FCEDBCEB1C6B70DF00EC8E2C /* Build configuration list for PBXNativeTarget "NSDictionary" */ = {
			isa = XCConfigurationList;
			buildConfigurations = (
				FCEDBCEC1C6B70DF00EC8E2C /* Debug */,
				FCEDBCED1C6B70DF00EC8E2C /* Release */,
			);
			defaultConfigurationIsVisible = 0;
		};
		FCEDBCF61C6B769500EC8E2C /* Build configuration list for PBXNativeTarget "NSMutableDictionary" */ = {
			isa = XCConfigurationList;
			buildConfigurations = (
				FCEDBCF71C6B769500EC8E2C /* Debug */,
				FCEDBCF81C6B769500EC8E2C /* Release */,
			);
			defaultConfigurationIsVisible = 0;
		};
		FCEDBD011C6B78FA00EC8E2C /* Build configuration list for PBXNativeTarget "NSNumber" */ = {
			isa = XCConfigurationList;
			buildConfigurations = (
				FCEDBD021C6B78FA00EC8E2C /* Debug */,
				FCEDBD031C6B78FA00EC8E2C /* Release */,
			);
			defaultConfigurationIsVisible = 0;
		};
		FCEDBD0C1C6B7EC100EC8E2C /* Build configuration list for PBXNativeTarget "NSSet" */ = {
			isa = XCConfigurationList;
			buildConfigurations = (
				FCEDBD0D1C6B7EC100EC8E2C /* Debug */,
				FCEDBD0E1C6B7EC100EC8E2C /* Release */,
			);
			defaultConfigurationIsVisible = 0;
		};
		FCEDBD171C6B850400EC8E2C /* Build configuration list for PBXNativeTarget "NSMutableSet" */ = {
			isa = XCConfigurationList;
			buildConfigurations = (
				FCEDBD181C6B850400EC8E2C /* Debug */,
				FCEDBD191C6B850400EC8E2C /* Release */,
			);
			defaultConfigurationIsVisible = 0;
		};
		FCEDBD221C6B888600EC8E2C /* Build configuration list for PBXNativeTarget "NSIndexSet" */ = {
			isa = XCConfigurationList;
			buildConfigurations = (
				FCEDBD231C6B888600EC8E2C /* Debug */,
				FCEDBD241C6B888600EC8E2C /* Release */,
			);
			defaultConfigurationIsVisible = 0;
		};
		FCEDBD2D1C6B8BC000EC8E2C /* Build configuration list for PBXNativeTarget "NSValue" */ = {
			isa = XCConfigurationList;
			buildConfigurations = (
				FCEDBD2E1C6B8BC000EC8E2C /* Debug */,
				FCEDBD2F1C6B8BC000EC8E2C /* Release */,
			);
			defaultConfigurationIsVisible = 0;
		};
		FCEDBD381C6B93AC00EC8E2C /* Build configuration list for PBXNativeTarget "NSData" */ = {
			isa = XCConfigurationList;
			buildConfigurations = (
				FCEDBD391C6B93AC00EC8E2C /* Debug */,
				FCEDBD3A1C6B93AC00EC8E2C /* Release */,
			);
			defaultConfigurationIsVisible = 0;
		};
/* End XCConfigurationList section */
	};
	rootObject = FCEDBC8E1C69CD0100EC8E2C /* Project object */;
}
